// !$*UTF8*$!
{
	archiveVersion = 1;
	classes = {
	};
	objectVersion = 46;
	objects = {

/* Begin PBXBuildFile section */
		5927CEA819B5CB95004BA44F /* app_icon@2x.png in Resources */ = {isa = PBXBuildFile; fileRef = 5927CEA719B5CB95004BA44F /* app_icon@2x.png */; };
		59581CAA1B7B544E00D616C0 /* Close@2x.png in Resources */ = {isa = PBXBuildFile; fileRef = 59581CA91B7B544E00D616C0 /* Close@2x.png */; };
		59616AF71A9F4EB4009A820E /* AddressBook.framework in Frameworks */ = {isa = PBXBuildFile; fileRef = 59616AF61A9F4EB4009A820E /* AddressBook.framework */; };
		59B389A51AC1A99C00CA5269 /* SettingsTableViewController.m in Sources */ = {isa = PBXBuildFile; fileRef = 59B389A31AC1A99C00CA5269 /* SettingsTableViewController.m */; };
		59B389A61AC1A99C00CA5269 /* SettingsTableViewController.xib in Resources */ = {isa = PBXBuildFile; fileRef = 59B389A41AC1A99C00CA5269 /* SettingsTableViewController.xib */; };
		59B389AB1AC1A9E600CA5269 /* SettingsCell.m in Sources */ = {isa = PBXBuildFile; fileRef = 59B389A91AC1A9E600CA5269 /* SettingsCell.m */; };
		59B389AC1AC1A9E600CA5269 /* SettingsCell.xib in Resources */ = {isa = PBXBuildFile; fileRef = 59B389AA1AC1A9E600CA5269 /* SettingsCell.xib */; };
		59C005401B78D89400862E1A /* Basket@2x.png in Resources */ = {isa = PBXBuildFile; fileRef = 59C0053F1B78D89400862E1A /* Basket@2x.png */; };
		59CEF27C1B72015500FB0A7D /* BasketManager.m in Sources */ = {isa = PBXBuildFile; fileRef = 59CEF27B1B72015500FB0A7D /* BasketManager.m */; };
		59D4B5441A7153BC00E92557 /* apple_pay_btn@2x.png in Resources */ = {isa = PBXBuildFile; fileRef = 59D4B5431A7153BC00E92557 /* apple_pay_btn@2x.png */; };
		59D4B5461A71594300E92557 /* apple_pay_btn@3x.png in Resources */ = {isa = PBXBuildFile; fileRef = 59D4B5451A71594300E92557 /* apple_pay_btn@3x.png */; };
		5AC8C6911BDEAC57006F1F78 /* Default-568h@2x.png in Resources */ = {isa = PBXBuildFile; fileRef = 5AC8C68E1BDEAC57006F1F78 /* Default-568h@2x.png */; };
		5AC8C6921BDEAC57006F1F78 /* Default.png in Resources */ = {isa = PBXBuildFile; fileRef = 5AC8C68F1BDEAC57006F1F78 /* Default.png */; };
		5AC8C6931BDEAC57006F1F78 /* Default@2x.png in Resources */ = {isa = PBXBuildFile; fileRef = 5AC8C6901BDEAC57006F1F78 /* Default@2x.png */; };
		5BF680AD2F8233C3146E5A18 /* Pods_testWorldpayLibrary.framework in Frameworks */ = {isa = PBXBuildFile; fileRef = 396CB97E046112B2665DFFC6 /* Pods_testWorldpayLibrary.framework */; };
		7E00CE88198B7B5500C34D6A /* check@2x.png in Resources */ = {isa = PBXBuildFile; fileRef = 7E00CE7C198B7B5500C34D6A /* check@2x.png */; };
		7E00CE89198B7B5500C34D6A /* choose@2x.png in Resources */ = {isa = PBXBuildFile; fileRef = 7E00CE7D198B7B5500C34D6A /* choose@2x.png */; };
		7E00CE8A198B7B5500C34D6A /* clock@2x.png in Resources */ = {isa = PBXBuildFile; fileRef = 7E00CE7E198B7B5500C34D6A /* clock@2x.png */; };
		7E00CE8B198B7B5500C34D6A /* delete@2x.png in Resources */ = {isa = PBXBuildFile; fileRef = 7E00CE7F198B7B5500C34D6A /* delete@2x.png */; };
		7E00CE8C198B7B5500C34D6A /* empty@2x.png in Resources */ = {isa = PBXBuildFile; fileRef = 7E00CE80198B7B5500C34D6A /* empty@2x.png */; };
		7E00CE8D198B7B5500C34D6A /* greece@2x.png in Resources */ = {isa = PBXBuildFile; fileRef = 7E00CE81198B7B5500C34D6A /* greece@2x.png */; };
		7E00CE90198B7B5500C34D6A /* logo@2x.png in Resources */ = {isa = PBXBuildFile; fileRef = 7E00CE84198B7B5500C34D6A /* logo@2x.png */; };
		7E00CE91198B7B5500C34D6A /* loxodrome@2x.png in Resources */ = {isa = PBXBuildFile; fileRef = 7E00CE85198B7B5500C34D6A /* loxodrome@2x.png */; };
		7E00CE92198B7B5500C34D6A /* spain@2x.png in Resources */ = {isa = PBXBuildFile; fileRef = 7E00CE86198B7B5500C34D6A /* spain@2x.png */; };
		7E00CE93198B7B5500C34D6A /* uk@2x.png in Resources */ = {isa = PBXBuildFile; fileRef = 7E00CE87198B7B5500C34D6A /* uk@2x.png */; };
		7E224920198230A20016BE5E /* SuccessPageViewController.m in Sources */ = {isa = PBXBuildFile; fileRef = 7E22491E198230A20016BE5E /* SuccessPageViewController.m */; };
		7E224921198230A20016BE5E /* SuccessPageViewController.xib in Resources */ = {isa = PBXBuildFile; fileRef = 7E22491F198230A20016BE5E /* SuccessPageViewController.xib */; };
		7E2C5B971980F64600701108 /* DBhandler.m in Sources */ = {isa = PBXBuildFile; fileRef = 7E2C5B961980F64600701108 /* DBhandler.m */; };
		7E2C5BA9198126D900701108 /* CustomGestureRecognizer.m in Sources */ = {isa = PBXBuildFile; fileRef = 7E2C5BA8198126D900701108 /* CustomGestureRecognizer.m */; };
		7E2C5BAE1981436F00701108 /* worldpay.sqlite in Resources */ = {isa = PBXBuildFile; fileRef = 7E2C5BAD1981436F00701108 /* worldpay.sqlite */; };
		7E5166B2197FE63700CCB1EC /* SplashScreenViewController.m in Sources */ = {isa = PBXBuildFile; fileRef = 7E5166B0197FE63700CCB1EC /* SplashScreenViewController.m */; };
		7E5166B3197FE63700CCB1EC /* SplashScreenViewController.xib in Resources */ = {isa = PBXBuildFile; fileRef = 7E5166B1197FE63700CCB1EC /* SplashScreenViewController.xib */; };
		7E5166B7197FE6FF00CCB1EC /* MainPageViewController.m in Sources */ = {isa = PBXBuildFile; fileRef = 7E5166B5197FE6FF00CCB1EC /* MainPageViewController.m */; };
		7E5166B8197FE6FF00CCB1EC /* MainPageViewController.xib in Resources */ = {isa = PBXBuildFile; fileRef = 7E5166B6197FE6FF00CCB1EC /* MainPageViewController.xib */; };
		7EB746C9198BCED400D33001 /* moussaka@2x.jpg in Resources */ = {isa = PBXBuildFile; fileRef = 7EB746C6198BCED400D33001 /* moussaka@2x.jpg */; };
		7EB746CA198BCED400D33001 /* paella@2x.jpg in Resources */ = {isa = PBXBuildFile; fileRef = 7EB746C7198BCED400D33001 /* paella@2x.jpg */; };
		7EB746CB198BCED400D33001 /* roastbeef@2x.jpg in Resources */ = {isa = PBXBuildFile; fileRef = 7EB746C8198BCED400D33001 /* roastbeef@2x.jpg */; };
		7EF711091976C3C000F7DC51 /* Foundation.framework in Frameworks */ = {isa = PBXBuildFile; fileRef = 7EF711081976C3C000F7DC51 /* Foundation.framework */; };
		7EF7110B1976C3C000F7DC51 /* CoreGraphics.framework in Frameworks */ = {isa = PBXBuildFile; fileRef = 7EF7110A1976C3C000F7DC51 /* CoreGraphics.framework */; };
		7EF7110D1976C3C000F7DC51 /* UIKit.framework in Frameworks */ = {isa = PBXBuildFile; fileRef = 7EF7110C1976C3C000F7DC51 /* UIKit.framework */; };
		7EF711131976C3C100F7DC51 /* InfoPlist.strings in Resources */ = {isa = PBXBuildFile; fileRef = 7EF711111976C3C100F7DC51 /* InfoPlist.strings */; };
		7EF711151976C3C100F7DC51 /* main.m in Sources */ = {isa = PBXBuildFile; fileRef = 7EF711141976C3C100F7DC51 /* main.m */; };
		7EF711191976C3C100F7DC51 /* AppDelegate.m in Sources */ = {isa = PBXBuildFile; fileRef = 7EF711181976C3C100F7DC51 /* AppDelegate.m */; };
		7EF7111B1976C3C100F7DC51 /* Images.xcassets in Resources */ = {isa = PBXBuildFile; fileRef = 7EF7111A1976C3C100F7DC51 /* Images.xcassets */; };
		7EF711231976C3C100F7DC51 /* Foundation.framework in Frameworks */ = {isa = PBXBuildFile; fileRef = 7EF711081976C3C000F7DC51 /* Foundation.framework */; };
		7EF711241976C3C100F7DC51 /* UIKit.framework in Frameworks */ = {isa = PBXBuildFile; fileRef = 7EF7110C1976C3C000F7DC51 /* UIKit.framework */; };
		7EF7112C1976C3C100F7DC51 /* InfoPlist.strings in Resources */ = {isa = PBXBuildFile; fileRef = 7EF7112A1976C3C100F7DC51 /* InfoPlist.strings */; };
		7EF7112E1976C3C100F7DC51 /* testWorldpayLibraryTests.m in Sources */ = {isa = PBXBuildFile; fileRef = 7EF7112D1976C3C100F7DC51 /* testWorldpayLibraryTests.m */; };
		7EF711431976C72600F7DC51 /* SampleViewController.m in Sources */ = {isa = PBXBuildFile; fileRef = 7EF711411976C72600F7DC51 /* SampleViewController.m */; };
		7EF711441976C72600F7DC51 /* SampleViewController.m in Sources */ = {isa = PBXBuildFile; fileRef = 7EF711411976C72600F7DC51 /* SampleViewController.m */; };
		7EF711451976C72600F7DC51 /* SampleViewController.xib in Resources */ = {isa = PBXBuildFile; fileRef = 7EF711421976C72600F7DC51 /* SampleViewController.xib */; };
		7EF711461976C72600F7DC51 /* SampleViewController.xib in Resources */ = {isa = PBXBuildFile; fileRef = 7EF711421976C72600F7DC51 /* SampleViewController.xib */; };
		7EF7114A1976C74100F7DC51 /* NavigationViewController.m in Sources */ = {isa = PBXBuildFile; fileRef = 7EF711481976C74100F7DC51 /* NavigationViewController.m */; };
		7EF7114B1976C74100F7DC51 /* NavigationViewController.m in Sources */ = {isa = PBXBuildFile; fileRef = 7EF711481976C74100F7DC51 /* NavigationViewController.m */; };
		7EF7114C1976C74100F7DC51 /* NavigationViewController.xib in Resources */ = {isa = PBXBuildFile; fileRef = 7EF711491976C74100F7DC51 /* NavigationViewController.xib */; };
		7EF7114D1976C74100F7DC51 /* NavigationViewController.xib in Resources */ = {isa = PBXBuildFile; fileRef = 7EF711491976C74100F7DC51 /* NavigationViewController.xib */; };
/* End PBXBuildFile section */

/* Begin PBXContainerItemProxy section */
		7EF711251976C3C100F7DC51 /* PBXContainerItemProxy */ = {
			isa = PBXContainerItemProxy;
			containerPortal = 7EF710FD1976C3C000F7DC51 /* Project object */;
			proxyType = 1;
			remoteGlobalIDString = 7EF711041976C3C000F7DC51;
			remoteInfo = testWorldpayLibrary;
		};
/* End PBXContainerItemProxy section */

/* Begin PBXFileReference section */
		0EAE37F6BC6C51224E880E0D /* Pods-testWorldpayLibrary.release.xcconfig */ = {isa = PBXFileReference; includeInIndex = 1; lastKnownFileType = text.xcconfig; name = "Pods-testWorldpayLibrary.release.xcconfig"; path = "Pods/Target Support Files/Pods-testWorldpayLibrary/Pods-testWorldpayLibrary.release.xcconfig"; sourceTree = "<group>"; };
		396CB97E046112B2665DFFC6 /* Pods_testWorldpayLibrary.framework */ = {isa = PBXFileReference; explicitFileType = wrapper.framework; includeInIndex = 0; path = Pods_testWorldpayLibrary.framework; sourceTree = BUILT_PRODUCTS_DIR; };
		50B8FB47399606D0168C472D /* Pods-testWorldpayLibrary.debug.xcconfig */ = {isa = PBXFileReference; includeInIndex = 1; lastKnownFileType = text.xcconfig; name = "Pods-testWorldpayLibrary.debug.xcconfig"; path = "Pods/Target Support Files/Pods-testWorldpayLibrary/Pods-testWorldpayLibrary.debug.xcconfig"; sourceTree = "<group>"; };
		5927CEA719B5CB95004BA44F /* app_icon@2x.png */ = {isa = PBXFileReference; lastKnownFileType = image.png; name = "app_icon@2x.png"; path = "Resources/app_icon@2x.png"; sourceTree = "<group>"; };
		59581CA91B7B544E00D616C0 /* Close@2x.png */ = {isa = PBXFileReference; lastKnownFileType = image.png; name = "Close@2x.png"; path = "Resources/Close@2x.png"; sourceTree = "<group>"; };
		59616AF61A9F4EB4009A820E /* AddressBook.framework */ = {isa = PBXFileReference; lastKnownFileType = wrapper.framework; name = AddressBook.framework; path = System/Library/Frameworks/AddressBook.framework; sourceTree = SDKROOT; };
		59A6308E1A8BC0C2002A1CCC /* Worldfood.entitlements */ = {isa = PBXFileReference; lastKnownFileType = text.xml; path = Worldfood.entitlements; sourceTree = "<group>"; };
		59B389A21AC1A99C00CA5269 /* SettingsTableViewController.h */ = {isa = PBXFileReference; fileEncoding = 4; lastKnownFileType = sourcecode.c.h; name = SettingsTableViewController.h; path = Settings/SettingsTableViewController.h; sourceTree = "<group>"; };
		59B389A31AC1A99C00CA5269 /* SettingsTableViewController.m */ = {isa = PBXFileReference; fileEncoding = 4; lastKnownFileType = sourcecode.c.objc; name = SettingsTableViewController.m; path = Settings/SettingsTableViewController.m; sourceTree = "<group>"; };
		59B389A41AC1A99C00CA5269 /* SettingsTableViewController.xib */ = {isa = PBXFileReference; fileEncoding = 4; lastKnownFileType = file.xib; name = SettingsTableViewController.xib; path = Settings/SettingsTableViewController.xib; sourceTree = "<group>"; };
		59B389A81AC1A9E600CA5269 /* SettingsCell.h */ = {isa = PBXFileReference; fileEncoding = 4; lastKnownFileType = sourcecode.c.h; name = SettingsCell.h; path = Settings/SettingsCell.h; sourceTree = "<group>"; };
		59B389A91AC1A9E600CA5269 /* SettingsCell.m */ = {isa = PBXFileReference; fileEncoding = 4; lastKnownFileType = sourcecode.c.objc; name = SettingsCell.m; path = Settings/SettingsCell.m; sourceTree = "<group>"; };
		59B389AA1AC1A9E600CA5269 /* SettingsCell.xib */ = {isa = PBXFileReference; fileEncoding = 4; lastKnownFileType = file.xib; name = SettingsCell.xib; path = Settings/SettingsCell.xib; sourceTree = "<group>"; };
		59C0053F1B78D89400862E1A /* Basket@2x.png */ = {isa = PBXFileReference; lastKnownFileType = image.png; name = "Basket@2x.png"; path = "Resources/Basket@2x.png"; sourceTree = "<group>"; };
		59CEF27A1B72015500FB0A7D /* BasketManager.h */ = {isa = PBXFileReference; fileEncoding = 4; lastKnownFileType = sourcecode.c.h; path = BasketManager.h; sourceTree = "<group>"; };
		59CEF27B1B72015500FB0A7D /* BasketManager.m */ = {isa = PBXFileReference; fileEncoding = 4; lastKnownFileType = sourcecode.c.objc; path = BasketManager.m; sourceTree = "<group>"; };
		59D4B5431A7153BC00E92557 /* apple_pay_btn@2x.png */ = {isa = PBXFileReference; lastKnownFileType = image.png; name = "apple_pay_btn@2x.png"; path = "Resources/apple_pay_btn@2x.png"; sourceTree = "<group>"; };
		59D4B5451A71594300E92557 /* apple_pay_btn@3x.png */ = {isa = PBXFileReference; lastKnownFileType = image.png; name = "apple_pay_btn@3x.png"; path = "Resources/apple_pay_btn@3x.png"; sourceTree = "<group>"; };
		5AC8C68E1BDEAC57006F1F78 /* Default-568h@2x.png */ = {isa = PBXFileReference; lastKnownFileType = image.png; path = "Default-568h@2x.png"; sourceTree = "<group>"; };
		5AC8C68F1BDEAC57006F1F78 /* Default.png */ = {isa = PBXFileReference; lastKnownFileType = image.png; path = Default.png; sourceTree = "<group>"; };
		5AC8C6901BDEAC57006F1F78 /* Default@2x.png */ = {isa = PBXFileReference; lastKnownFileType = image.png; path = "Default@2x.png"; sourceTree = "<group>"; };
		7E00CE7C198B7B5500C34D6A /* check@2x.png */ = {isa = PBXFileReference; lastKnownFileType = image.png; name = "check@2x.png"; path = "Resources/check@2x.png"; sourceTree = "<group>"; };
		7E00CE7D198B7B5500C34D6A /* choose@2x.png */ = {isa = PBXFileReference; lastKnownFileType = image.png; name = "choose@2x.png"; path = "Resources/choose@2x.png"; sourceTree = "<group>"; };
		7E00CE7E198B7B5500C34D6A /* clock@2x.png */ = {isa = PBXFileReference; lastKnownFileType = image.png; name = "clock@2x.png"; path = "Resources/clock@2x.png"; sourceTree = "<group>"; };
		7E00CE7F198B7B5500C34D6A /* delete@2x.png */ = {isa = PBXFileReference; lastKnownFileType = image.png; name = "delete@2x.png"; path = "Resources/delete@2x.png"; sourceTree = "<group>"; };
		7E00CE80198B7B5500C34D6A /* empty@2x.png */ = {isa = PBXFileReference; lastKnownFileType = image.png; name = "empty@2x.png"; path = "Resources/empty@2x.png"; sourceTree = "<group>"; };
		7E00CE81198B7B5500C34D6A /* greece@2x.png */ = {isa = PBXFileReference; lastKnownFileType = image.png; name = "greece@2x.png"; path = "Resources/greece@2x.png"; sourceTree = "<group>"; };
		7E00CE84198B7B5500C34D6A /* logo@2x.png */ = {isa = PBXFileReference; lastKnownFileType = image.png; name = "logo@2x.png"; path = "Resources/logo@2x.png"; sourceTree = "<group>"; };
		7E00CE85198B7B5500C34D6A /* loxodrome@2x.png */ = {isa = PBXFileReference; lastKnownFileType = image.png; name = "loxodrome@2x.png"; path = "Resources/loxodrome@2x.png"; sourceTree = "<group>"; };
		7E00CE86198B7B5500C34D6A /* spain@2x.png */ = {isa = PBXFileReference; lastKnownFileType = image.png; name = "spain@2x.png"; path = "Resources/spain@2x.png"; sourceTree = "<group>"; };
		7E00CE87198B7B5500C34D6A /* uk@2x.png */ = {isa = PBXFileReference; lastKnownFileType = image.png; name = "uk@2x.png"; path = "Resources/uk@2x.png"; sourceTree = "<group>"; };
		7E00CECE198BB41300C34D6A /* CoreFoundation.framework */ = {isa = PBXFileReference; lastKnownFileType = wrapper.framework; name = CoreFoundation.framework; path = System/Library/Frameworks/CoreFoundation.framework; sourceTree = SDKROOT; };
		7E22491D198230A20016BE5E /* SuccessPageViewController.h */ = {isa = PBXFileReference; fileEncoding = 4; lastKnownFileType = sourcecode.c.h; path = SuccessPageViewController.h; sourceTree = "<group>"; };
		7E22491E198230A20016BE5E /* SuccessPageViewController.m */ = {isa = PBXFileReference; fileEncoding = 4; lastKnownFileType = sourcecode.c.objc; path = SuccessPageViewController.m; sourceTree = "<group>"; };
		7E22491F198230A20016BE5E /* SuccessPageViewController.xib */ = {isa = PBXFileReference; fileEncoding = 4; lastKnownFileType = file.xib; path = SuccessPageViewController.xib; sourceTree = "<group>"; };
		7E2C5B951980F64600701108 /* DBhandler.h */ = {isa = PBXFileReference; fileEncoding = 4; lastKnownFileType = sourcecode.c.h; path = DBhandler.h; sourceTree = "<group>"; };
		7E2C5B961980F64600701108 /* DBhandler.m */ = {isa = PBXFileReference; fileEncoding = 4; lastKnownFileType = sourcecode.c.objc; path = DBhandler.m; sourceTree = "<group>"; };
		7E2C5BA7198126D900701108 /* CustomGestureRecognizer.h */ = {isa = PBXFileReference; fileEncoding = 4; lastKnownFileType = sourcecode.c.h; path = CustomGestureRecognizer.h; sourceTree = "<group>"; };
		7E2C5BA8198126D900701108 /* CustomGestureRecognizer.m */ = {isa = PBXFileReference; fileEncoding = 4; lastKnownFileType = sourcecode.c.objc; path = CustomGestureRecognizer.m; sourceTree = "<group>"; };
		7E2C5BAD1981436F00701108 /* worldpay.sqlite */ = {isa = PBXFileReference; lastKnownFileType = file; path = worldpay.sqlite; sourceTree = "<group>"; };
		7E5166AF197FE63700CCB1EC /* SplashScreenViewController.h */ = {isa = PBXFileReference; fileEncoding = 4; lastKnownFileType = sourcecode.c.h; path = SplashScreenViewController.h; sourceTree = "<group>"; };
		7E5166B0197FE63700CCB1EC /* SplashScreenViewController.m */ = {isa = PBXFileReference; fileEncoding = 4; lastKnownFileType = sourcecode.c.objc; path = SplashScreenViewController.m; sourceTree = "<group>"; };
		7E5166B1197FE63700CCB1EC /* SplashScreenViewController.xib */ = {isa = PBXFileReference; fileEncoding = 4; lastKnownFileType = file.xib; path = SplashScreenViewController.xib; sourceTree = "<group>"; };
		7E5166B4197FE6FF00CCB1EC /* MainPageViewController.h */ = {isa = PBXFileReference; fileEncoding = 4; lastKnownFileType = sourcecode.c.h; path = MainPageViewController.h; sourceTree = "<group>"; };
		7E5166B5197FE6FF00CCB1EC /* MainPageViewController.m */ = {isa = PBXFileReference; fileEncoding = 4; lastKnownFileType = sourcecode.c.objc; path = MainPageViewController.m; sourceTree = "<group>"; };
		7E5166B6197FE6FF00CCB1EC /* MainPageViewController.xib */ = {isa = PBXFileReference; fileEncoding = 4; lastKnownFileType = file.xib; path = MainPageViewController.xib; sourceTree = "<group>"; };
		7EB746C6198BCED400D33001 /* moussaka@2x.jpg */ = {isa = PBXFileReference; lastKnownFileType = image.jpeg; name = "moussaka@2x.jpg"; path = "Resources/moussaka@2x.jpg"; sourceTree = "<group>"; };
		7EB746C7198BCED400D33001 /* paella@2x.jpg */ = {isa = PBXFileReference; lastKnownFileType = image.jpeg; name = "paella@2x.jpg"; path = "Resources/paella@2x.jpg"; sourceTree = "<group>"; };
		7EB746C8198BCED400D33001 /* roastbeef@2x.jpg */ = {isa = PBXFileReference; lastKnownFileType = image.jpeg; name = "roastbeef@2x.jpg"; path = "Resources/roastbeef@2x.jpg"; sourceTree = "<group>"; };
		7EF711051976C3C000F7DC51 /* Worldfood.app */ = {isa = PBXFileReference; explicitFileType = wrapper.application; includeInIndex = 0; path = Worldfood.app; sourceTree = BUILT_PRODUCTS_DIR; };
		7EF711081976C3C000F7DC51 /* Foundation.framework */ = {isa = PBXFileReference; lastKnownFileType = wrapper.framework; name = Foundation.framework; path = System/Library/Frameworks/Foundation.framework; sourceTree = SDKROOT; };
		7EF7110A1976C3C000F7DC51 /* CoreGraphics.framework */ = {isa = PBXFileReference; lastKnownFileType = wrapper.framework; name = CoreGraphics.framework; path = System/Library/Frameworks/CoreGraphics.framework; sourceTree = SDKROOT; };
		7EF7110C1976C3C000F7DC51 /* UIKit.framework */ = {isa = PBXFileReference; lastKnownFileType = wrapper.framework; name = UIKit.framework; path = System/Library/Frameworks/UIKit.framework; sourceTree = SDKROOT; };
		7EF711101976C3C100F7DC51 /* testWorldpayLibrary-Info.plist */ = {isa = PBXFileReference; lastKnownFileType = text.plist.xml; path = "testWorldpayLibrary-Info.plist"; sourceTree = "<group>"; };
		7EF711121976C3C100F7DC51 /* en */ = {isa = PBXFileReference; lastKnownFileType = text.plist.strings; name = en; path = en.lproj/InfoPlist.strings; sourceTree = "<group>"; };
		7EF711141976C3C100F7DC51 /* main.m */ = {isa = PBXFileReference; lastKnownFileType = sourcecode.c.objc; path = main.m; sourceTree = "<group>"; };
		7EF711161976C3C100F7DC51 /* testWorldpayLibrary-Prefix.pch */ = {isa = PBXFileReference; lastKnownFileType = sourcecode.c.h; path = "testWorldpayLibrary-Prefix.pch"; sourceTree = "<group>"; };
		7EF711171976C3C100F7DC51 /* AppDelegate.h */ = {isa = PBXFileReference; lastKnownFileType = sourcecode.c.h; path = AppDelegate.h; sourceTree = "<group>"; };
		7EF711181976C3C100F7DC51 /* AppDelegate.m */ = {isa = PBXFileReference; lastKnownFileType = sourcecode.c.objc; path = AppDelegate.m; sourceTree = "<group>"; };
		7EF7111A1976C3C100F7DC51 /* Images.xcassets */ = {isa = PBXFileReference; lastKnownFileType = folder.assetcatalog; path = Images.xcassets; sourceTree = "<group>"; };
		7EF711201976C3C100F7DC51 /* testWorldpayLibraryTests.xctest */ = {isa = PBXFileReference; explicitFileType = wrapper.cfbundle; includeInIndex = 0; path = testWorldpayLibraryTests.xctest; sourceTree = BUILT_PRODUCTS_DIR; };
		7EF711291976C3C100F7DC51 /* testWorldpayLibraryTests-Info.plist */ = {isa = PBXFileReference; lastKnownFileType = text.plist.xml; path = "testWorldpayLibraryTests-Info.plist"; sourceTree = "<group>"; };
		7EF7112B1976C3C100F7DC51 /* en */ = {isa = PBXFileReference; lastKnownFileType = text.plist.strings; name = en; path = en.lproj/InfoPlist.strings; sourceTree = "<group>"; };
		7EF7112D1976C3C100F7DC51 /* testWorldpayLibraryTests.m */ = {isa = PBXFileReference; lastKnownFileType = sourcecode.c.objc; path = testWorldpayLibraryTests.m; sourceTree = "<group>"; };
		7EF711401976C72600F7DC51 /* SampleViewController.h */ = {isa = PBXFileReference; fileEncoding = 4; lastKnownFileType = sourcecode.c.h; path = SampleViewController.h; sourceTree = "<group>"; };
		7EF711411976C72600F7DC51 /* SampleViewController.m */ = {isa = PBXFileReference; fileEncoding = 4; lastKnownFileType = sourcecode.c.objc; path = SampleViewController.m; sourceTree = "<group>"; };
		7EF711421976C72600F7DC51 /* SampleViewController.xib */ = {isa = PBXFileReference; fileEncoding = 4; lastKnownFileType = file.xib; path = SampleViewController.xib; sourceTree = "<group>"; };
		7EF711471976C74100F7DC51 /* NavigationViewController.h */ = {isa = PBXFileReference; fileEncoding = 4; lastKnownFileType = sourcecode.c.h; path = NavigationViewController.h; sourceTree = "<group>"; };
		7EF711481976C74100F7DC51 /* NavigationViewController.m */ = {isa = PBXFileReference; fileEncoding = 4; lastKnownFileType = sourcecode.c.objc; path = NavigationViewController.m; sourceTree = "<group>"; };
		7EF711491976C74100F7DC51 /* NavigationViewController.xib */ = {isa = PBXFileReference; fileEncoding = 4; lastKnownFileType = file.xib; path = NavigationViewController.xib; sourceTree = "<group>"; };
		AA2F3D62D086671F86421DC0 /* Pods.debug.xcconfig */ = {isa = PBXFileReference; includeInIndex = 1; lastKnownFileType = text.xcconfig; name = Pods.debug.xcconfig; path = "Pods/Target Support Files/Pods/Pods.debug.xcconfig"; sourceTree = "<group>"; };
		B540D97CB3C2CD5E66ACEA52 /* Pods.release.xcconfig */ = {isa = PBXFileReference; includeInIndex = 1; lastKnownFileType = text.xcconfig; name = Pods.release.xcconfig; path = "Pods/Target Support Files/Pods/Pods.release.xcconfig"; sourceTree = "<group>"; };
/* End PBXFileReference section */

/* Begin PBXFrameworksBuildPhase section */
		7EF711021976C3C000F7DC51 /* Frameworks */ = {
			isa = PBXFrameworksBuildPhase;
			buildActionMask = 2147483647;
			files = (
				59616AF71A9F4EB4009A820E /* AddressBook.framework in Frameworks */,
				7EF7110B1976C3C000F7DC51 /* CoreGraphics.framework in Frameworks */,
				7EF7110D1976C3C000F7DC51 /* UIKit.framework in Frameworks */,
				7EF711091976C3C000F7DC51 /* Foundation.framework in Frameworks */,
				5BF680AD2F8233C3146E5A18 /* Pods_testWorldpayLibrary.framework in Frameworks */,
			);
			runOnlyForDeploymentPostprocessing = 0;
		};
		7EF7111D1976C3C100F7DC51 /* Frameworks */ = {
			isa = PBXFrameworksBuildPhase;
			buildActionMask = 2147483647;
			files = (
				7EF711241976C3C100F7DC51 /* UIKit.framework in Frameworks */,
				7EF711231976C3C100F7DC51 /* Foundation.framework in Frameworks */,
			);
			runOnlyForDeploymentPostprocessing = 0;
		};
/* End PBXFrameworksBuildPhase section */

/* Begin PBXGroup section */
		218FE71566F425E91581770E /* Pods */ = {
			isa = PBXGroup;
			children = (
				AA2F3D62D086671F86421DC0 /* Pods.debug.xcconfig */,
				B540D97CB3C2CD5E66ACEA52 /* Pods.release.xcconfig */,
				50B8FB47399606D0168C472D /* Pods-testWorldpayLibrary.debug.xcconfig */,
				0EAE37F6BC6C51224E880E0D /* Pods-testWorldpayLibrary.release.xcconfig */,
			);
			name = Pods;
			sourceTree = "<group>";
		};
		59B389A71AC1A9BE00CA5269 /* Settings */ = {
			isa = PBXGroup;
			children = (
				59B389A21AC1A99C00CA5269 /* SettingsTableViewController.h */,
				59B389A31AC1A99C00CA5269 /* SettingsTableViewController.m */,
				59B389A41AC1A99C00CA5269 /* SettingsTableViewController.xib */,
				59B389A81AC1A9E600CA5269 /* SettingsCell.h */,
				59B389A91AC1A9E600CA5269 /* SettingsCell.m */,
				59B389AA1AC1A9E600CA5269 /* SettingsCell.xib */,
			);
			name = Settings;
			sourceTree = "<group>";
		};
		7E00CE50198B66D200C34D6A /* Resources */ = {
			isa = PBXGroup;
			children = (
				7E2C5BA0198105FB00701108 /* images */,
			);
			name = Resources;
			sourceTree = "<group>";
		};
		7E2C5BA0198105FB00701108 /* images */ = {
			isa = PBXGroup;
			children = (
				59581CA91B7B544E00D616C0 /* Close@2x.png */,
				59C0053F1B78D89400862E1A /* Basket@2x.png */,
				59D4B5431A7153BC00E92557 /* apple_pay_btn@2x.png */,
				59D4B5451A71594300E92557 /* apple_pay_btn@3x.png */,
				5927CEA719B5CB95004BA44F /* app_icon@2x.png */,
				7EB746C6198BCED400D33001 /* moussaka@2x.jpg */,
				7EB746C7198BCED400D33001 /* paella@2x.jpg */,
				7EB746C8198BCED400D33001 /* roastbeef@2x.jpg */,
				7E00CE7C198B7B5500C34D6A /* check@2x.png */,
				7E00CE7E198B7B5500C34D6A /* clock@2x.png */,
				7E00CE7D198B7B5500C34D6A /* choose@2x.png */,
				7E00CE80198B7B5500C34D6A /* empty@2x.png */,
				7E00CE7F198B7B5500C34D6A /* delete@2x.png */,
				7E00CE84198B7B5500C34D6A /* logo@2x.png */,
				7E00CE86198B7B5500C34D6A /* spain@2x.png */,
				7E00CE87198B7B5500C34D6A /* uk@2x.png */,
				7E00CE81198B7B5500C34D6A /* greece@2x.png */,
				7E00CE85198B7B5500C34D6A /* loxodrome@2x.png */,
			);
			name = images;
			sourceTree = "<group>";
		};
		7EF710FC1976C3C000F7DC51 = {
			isa = PBXGroup;
			children = (
				7EF7110E1976C3C100F7DC51 /* testWorldpayLibrary */,
				7E00CE50198B66D200C34D6A /* Resources */,
				7EF711271976C3C100F7DC51 /* testWorldpayLibraryTests */,
				7EF711071976C3C000F7DC51 /* Frameworks */,
				7EF711061976C3C000F7DC51 /* Products */,
				218FE71566F425E91581770E /* Pods */,
			);
			sourceTree = "<group>";
		};
		7EF711061976C3C000F7DC51 /* Products */ = {
			isa = PBXGroup;
			children = (
				7EF711051976C3C000F7DC51 /* Worldfood.app */,
				7EF711201976C3C100F7DC51 /* testWorldpayLibraryTests.xctest */,
			);
			name = Products;
			sourceTree = "<group>";
		};
		7EF711071976C3C000F7DC51 /* Frameworks */ = {
			isa = PBXGroup;
			children = (
				59616AF61A9F4EB4009A820E /* AddressBook.framework */,
				7E00CECE198BB41300C34D6A /* CoreFoundation.framework */,
				7EF711081976C3C000F7DC51 /* Foundation.framework */,
				7EF7110A1976C3C000F7DC51 /* CoreGraphics.framework */,
				7EF7110C1976C3C000F7DC51 /* UIKit.framework */,
				396CB97E046112B2665DFFC6 /* Pods_testWorldpayLibrary.framework */,
			);
			name = Frameworks;
			sourceTree = "<group>";
		};
		7EF7110E1976C3C100F7DC51 /* testWorldpayLibrary */ = {
			isa = PBXGroup;
			children = (
				59B389A71AC1A9BE00CA5269 /* Settings */,
				59A6308E1A8BC0C2002A1CCC /* Worldfood.entitlements */,
				7E2C5BAD1981436F00701108 /* worldpay.sqlite */,
				7EF711171976C3C100F7DC51 /* AppDelegate.h */,
				7EF711181976C3C100F7DC51 /* AppDelegate.m */,
				7EF711401976C72600F7DC51 /* SampleViewController.h */,
				7EF711421976C72600F7DC51 /* SampleViewController.xib */,
				7E5166B4197FE6FF00CCB1EC /* MainPageViewController.h */,
				7E5166B5197FE6FF00CCB1EC /* MainPageViewController.m */,
				7E5166B6197FE6FF00CCB1EC /* MainPageViewController.xib */,
				7E5166AF197FE63700CCB1EC /* SplashScreenViewController.h */,
				7E5166B0197FE63700CCB1EC /* SplashScreenViewController.m */,
				7EF711411976C72600F7DC51 /* SampleViewController.m */,
				7E5166B1197FE63700CCB1EC /* SplashScreenViewController.xib */,
				59CEF27A1B72015500FB0A7D /* BasketManager.h */,
				59CEF27B1B72015500FB0A7D /* BasketManager.m */,
				7EF711471976C74100F7DC51 /* NavigationViewController.h */,
				7EF711481976C74100F7DC51 /* NavigationViewController.m */,
				7EF711491976C74100F7DC51 /* NavigationViewController.xib */,
				7E22491D198230A20016BE5E /* SuccessPageViewController.h */,
				7E22491E198230A20016BE5E /* SuccessPageViewController.m */,
				7E22491F198230A20016BE5E /* SuccessPageViewController.xib */,
				7E2C5B951980F64600701108 /* DBhandler.h */,
				7E2C5B961980F64600701108 /* DBhandler.m */,
				7E2C5BA7198126D900701108 /* CustomGestureRecognizer.h */,
				7E2C5BA8198126D900701108 /* CustomGestureRecognizer.m */,
				7EF7111A1976C3C100F7DC51 /* Images.xcassets */,
				7EF7110F1976C3C100F7DC51 /* Supporting Files */,
			);
			path = testWorldpayLibrary;
			sourceTree = "<group>";
		};
		7EF7110F1976C3C100F7DC51 /* Supporting Files */ = {
			isa = PBXGroup;
			children = (
				5AC8C68E1BDEAC57006F1F78 /* Default-568h@2x.png */,
				5AC8C68F1BDEAC57006F1F78 /* Default.png */,
				5AC8C6901BDEAC57006F1F78 /* Default@2x.png */,
				7EF711101976C3C100F7DC51 /* testWorldpayLibrary-Info.plist */,
				7EF711111976C3C100F7DC51 /* InfoPlist.strings */,
				7EF711141976C3C100F7DC51 /* main.m */,
				7EF711161976C3C100F7DC51 /* testWorldpayLibrary-Prefix.pch */,
			);
			name = "Supporting Files";
			sourceTree = "<group>";
		};
		7EF711271976C3C100F7DC51 /* testWorldpayLibraryTests */ = {
			isa = PBXGroup;
			children = (
				7EF7112D1976C3C100F7DC51 /* testWorldpayLibraryTests.m */,
				7EF711281976C3C100F7DC51 /* Supporting Files */,
			);
			path = testWorldpayLibraryTests;
			sourceTree = "<group>";
		};
		7EF711281976C3C100F7DC51 /* Supporting Files */ = {
			isa = PBXGroup;
			children = (
				7EF711291976C3C100F7DC51 /* testWorldpayLibraryTests-Info.plist */,
				7EF7112A1976C3C100F7DC51 /* InfoPlist.strings */,
			);
			name = "Supporting Files";
			sourceTree = "<group>";
		};
/* End PBXGroup section */

/* Begin PBXNativeTarget section */
		7EF711041976C3C000F7DC51 /* testWorldpayLibrary */ = {
			isa = PBXNativeTarget;
			buildConfigurationList = 7EF711311976C3C100F7DC51 /* Build configuration list for PBXNativeTarget "testWorldpayLibrary" */;
			buildPhases = (
				14DE4DCF27FC210F7470B2C2 /* [CP] Check Pods Manifest.lock */,
				7EF711011976C3C000F7DC51 /* Sources */,
				7EF711021976C3C000F7DC51 /* Frameworks */,
				7EF711031976C3C000F7DC51 /* Resources */,
				4DB80D959E42143A91BF7E3B /* [CP] Embed Pods Frameworks */,
			);
			buildRules = (
			);
			dependencies = (
			);
			name = testWorldpayLibrary;
			productName = testWorldpayLibrary;
			productReference = 7EF711051976C3C000F7DC51 /* Worldfood.app */;
			productType = "com.apple.product-type.application";
		};
		7EF7111F1976C3C100F7DC51 /* testWorldpayLibraryTests */ = {
			isa = PBXNativeTarget;
			buildConfigurationList = 7EF711341976C3C100F7DC51 /* Build configuration list for PBXNativeTarget "testWorldpayLibraryTests" */;
			buildPhases = (
				7EF7111C1976C3C100F7DC51 /* Sources */,
				7EF7111D1976C3C100F7DC51 /* Frameworks */,
				7EF7111E1976C3C100F7DC51 /* Resources */,
			);
			buildRules = (
			);
			dependencies = (
				7EF711261976C3C100F7DC51 /* PBXTargetDependency */,
			);
			name = testWorldpayLibraryTests;
			productName = testWorldpayLibraryTests;
			productReference = 7EF711201976C3C100F7DC51 /* testWorldpayLibraryTests.xctest */;
			productType = "com.apple.product-type.bundle.unit-test";
		};
/* End PBXNativeTarget section */

/* Begin PBXProject section */
		7EF710FD1976C3C000F7DC51 /* Project object */ = {
			isa = PBXProject;
			attributes = {
				LastUpgradeCheck = 1030;
				ORGANIZATIONNAME = arx;
				TargetAttributes = {
					7EF711041976C3C000F7DC51 = {
						ProvisioningStyle = Automatic;
						SystemCapabilities = {
							com.apple.OMC = {
								enabled = 1;
							};
						};
					};
					7EF7111F1976C3C100F7DC51 = {
						DevelopmentTeam = NXRQM34DT8;
						TestTargetID = 7EF711041976C3C000F7DC51;
					};
				};
			};
			buildConfigurationList = 7EF711001976C3C000F7DC51 /* Build configuration list for PBXProject "testWorldpayLibrary" */;
			compatibilityVersion = "Xcode 3.2";
			developmentRegion = en;
			hasScannedForEncodings = 0;
			knownRegions = (
				en,
				Base,
			);
			mainGroup = 7EF710FC1976C3C000F7DC51;
			productRefGroup = 7EF711061976C3C000F7DC51 /* Products */;
			projectDirPath = "";
			projectRoot = "";
			targets = (
				7EF711041976C3C000F7DC51 /* testWorldpayLibrary */,
				7EF7111F1976C3C100F7DC51 /* testWorldpayLibraryTests */,
			);
		};
/* End PBXProject section */

/* Begin PBXResourcesBuildPhase section */
		7EF711031976C3C000F7DC51 /* Resources */ = {
			isa = PBXResourcesBuildPhase;
			buildActionMask = 2147483647;
			files = (
				7E00CE8B198B7B5500C34D6A /* delete@2x.png in Resources */,
				7E00CE91198B7B5500C34D6A /* loxodrome@2x.png in Resources */,
				59581CAA1B7B544E00D616C0 /* Close@2x.png in Resources */,
				59D4B5441A7153BC00E92557 /* apple_pay_btn@2x.png in Resources */,
				7EF7114C1976C74100F7DC51 /* NavigationViewController.xib in Resources */,
				7E00CE88198B7B5500C34D6A /* check@2x.png in Resources */,
				7E00CE8C198B7B5500C34D6A /* empty@2x.png in Resources */,
				7E2C5BAE1981436F00701108 /* worldpay.sqlite in Resources */,
				7EF711131976C3C100F7DC51 /* InfoPlist.strings in Resources */,
				7EB746C9198BCED400D33001 /* moussaka@2x.jpg in Resources */,
				7EF711451976C72600F7DC51 /* SampleViewController.xib in Resources */,
				59C005401B78D89400862E1A /* Basket@2x.png in Resources */,
				7E5166B3197FE63700CCB1EC /* SplashScreenViewController.xib in Resources */,
				7EB746CB198BCED400D33001 /* roastbeef@2x.jpg in Resources */,
				59B389A61AC1A99C00CA5269 /* SettingsTableViewController.xib in Resources */,
				7E00CE8A198B7B5500C34D6A /* clock@2x.png in Resources */,
				5AC8C6931BDEAC57006F1F78 /* Default@2x.png in Resources */,
				5AC8C6921BDEAC57006F1F78 /* Default.png in Resources */,
				7E5166B8197FE6FF00CCB1EC /* MainPageViewController.xib in Resources */,
				59B389AC1AC1A9E600CA5269 /* SettingsCell.xib in Resources */,
				7E00CE90198B7B5500C34D6A /* logo@2x.png in Resources */,
				7E00CE93198B7B5500C34D6A /* uk@2x.png in Resources */,
				7EB746CA198BCED400D33001 /* paella@2x.jpg in Resources */,
				59D4B5461A71594300E92557 /* apple_pay_btn@3x.png in Resources */,
				5927CEA819B5CB95004BA44F /* app_icon@2x.png in Resources */,
				7E00CE89198B7B5500C34D6A /* choose@2x.png in Resources */,
				7EF7111B1976C3C100F7DC51 /* Images.xcassets in Resources */,
				7E00CE8D198B7B5500C34D6A /* greece@2x.png in Resources */,
				7E224921198230A20016BE5E /* SuccessPageViewController.xib in Resources */,
				5AC8C6911BDEAC57006F1F78 /* Default-568h@2x.png in Resources */,
				7E00CE92198B7B5500C34D6A /* spain@2x.png in Resources */,
			);
			runOnlyForDeploymentPostprocessing = 0;
		};
		7EF7111E1976C3C100F7DC51 /* Resources */ = {
			isa = PBXResourcesBuildPhase;
			buildActionMask = 2147483647;
			files = (
				7EF711461976C72600F7DC51 /* SampleViewController.xib in Resources */,
				7EF7114D1976C74100F7DC51 /* NavigationViewController.xib in Resources */,
				7EF7112C1976C3C100F7DC51 /* InfoPlist.strings in Resources */,
			);
			runOnlyForDeploymentPostprocessing = 0;
		};
/* End PBXResourcesBuildPhase section */

/* Begin PBXShellScriptBuildPhase section */
		14DE4DCF27FC210F7470B2C2 /* [CP] Check Pods Manifest.lock */ = {
			isa = PBXShellScriptBuildPhase;
			buildActionMask = 2147483647;
			files = (
			);
			inputPaths = (
				"${PODS_PODFILE_DIR_PATH}/Podfile.lock",
				"${PODS_ROOT}/Manifest.lock",
			);
			name = "[CP] Check Pods Manifest.lock";
			outputPaths = (
				"$(DERIVED_FILE_DIR)/Pods-testWorldpayLibrary-checkManifestLockResult.txt",
			);
			runOnlyForDeploymentPostprocessing = 0;
			shellPath = /bin/sh;
			shellScript = "diff \"${PODS_PODFILE_DIR_PATH}/Podfile.lock\" \"${PODS_ROOT}/Manifest.lock\" > /dev/null\nif [ $? != 0 ] ; then\n    # print error to STDERR\n    echo \"error: The sandbox is not in sync with the Podfile.lock. Run 'pod install' or update your CocoaPods installation.\" >&2\n    exit 1\nfi\n# This output is used by Xcode 'outputs' to avoid re-running this script phase.\necho \"SUCCESS\" > \"${SCRIPT_OUTPUT_FILE_0}\"\n";
			showEnvVarsInLog = 0;
		};
		4DB80D959E42143A91BF7E3B /* [CP] Embed Pods Frameworks */ = {
			isa = PBXShellScriptBuildPhase;
			buildActionMask = 2147483647;
			files = (
			);
			inputPaths = (
				"${PODS_ROOT}/Target Support Files/Pods-testWorldpayLibrary/Pods-testWorldpayLibrary-frameworks.sh",
				"${BUILT_PRODUCTS_DIR}/AFNetworking/AFNetworking.framework",
				"${BUILT_PRODUCTS_DIR}/ALToastView/ALToastView.framework",
				"${BUILT_PRODUCTS_DIR}/FMDB/FMDB.framework",
				"${BUILT_PRODUCTS_DIR}/Worldpay/Worldpay.framework",
			);
			name = "[CP] Embed Pods Frameworks";
			outputPaths = (
				"${TARGET_BUILD_DIR}/${FRAMEWORKS_FOLDER_PATH}/AFNetworking.framework",
				"${TARGET_BUILD_DIR}/${FRAMEWORKS_FOLDER_PATH}/ALToastView.framework",
				"${TARGET_BUILD_DIR}/${FRAMEWORKS_FOLDER_PATH}/FMDB.framework",
				"${TARGET_BUILD_DIR}/${FRAMEWORKS_FOLDER_PATH}/Worldpay.framework",
			);
			runOnlyForDeploymentPostprocessing = 0;
			shellPath = /bin/sh;
			shellScript = "\"${PODS_ROOT}/Target Support Files/Pods-testWorldpayLibrary/Pods-testWorldpayLibrary-frameworks.sh\"\n";
			showEnvVarsInLog = 0;
		};
/* End PBXShellScriptBuildPhase section */

/* Begin PBXSourcesBuildPhase section */
		7EF711011976C3C000F7DC51 /* Sources */ = {
			isa = PBXSourcesBuildPhase;
			buildActionMask = 2147483647;
			files = (
				59B389A51AC1A99C00CA5269 /* SettingsTableViewController.m in Sources */,
				59CEF27C1B72015500FB0A7D /* BasketManager.m in Sources */,
				7EF7114A1976C74100F7DC51 /* NavigationViewController.m in Sources */,
				7E224920198230A20016BE5E /* SuccessPageViewController.m in Sources */,
				7EF711191976C3C100F7DC51 /* AppDelegate.m in Sources */,
				7E2C5BA9198126D900701108 /* CustomGestureRecognizer.m in Sources */,
				7E2C5B971980F64600701108 /* DBhandler.m in Sources */,
				59B389AB1AC1A9E600CA5269 /* SettingsCell.m in Sources */,
				7E5166B7197FE6FF00CCB1EC /* MainPageViewController.m in Sources */,
				7E5166B2197FE63700CCB1EC /* SplashScreenViewController.m in Sources */,
				7EF711151976C3C100F7DC51 /* main.m in Sources */,
				7EF711431976C72600F7DC51 /* SampleViewController.m in Sources */,
			);
			runOnlyForDeploymentPostprocessing = 0;
		};
		7EF7111C1976C3C100F7DC51 /* Sources */ = {
			isa = PBXSourcesBuildPhase;
			buildActionMask = 2147483647;
			files = (
				7EF711441976C72600F7DC51 /* SampleViewController.m in Sources */,
				7EF7112E1976C3C100F7DC51 /* testWorldpayLibraryTests.m in Sources */,
				7EF7114B1976C74100F7DC51 /* NavigationViewController.m in Sources */,
			);
			runOnlyForDeploymentPostprocessing = 0;
		};
/* End PBXSourcesBuildPhase section */

/* Begin PBXTargetDependency section */
		7EF711261976C3C100F7DC51 /* PBXTargetDependency */ = {
			isa = PBXTargetDependency;
			target = 7EF711041976C3C000F7DC51 /* testWorldpayLibrary */;
			targetProxy = 7EF711251976C3C100F7DC51 /* PBXContainerItemProxy */;
		};
/* End PBXTargetDependency section */

/* Begin PBXVariantGroup section */
		7EF711111976C3C100F7DC51 /* InfoPlist.strings */ = {
			isa = PBXVariantGroup;
			children = (
				7EF711121976C3C100F7DC51 /* en */,
			);
			name = InfoPlist.strings;
			sourceTree = "<group>";
		};
		7EF7112A1976C3C100F7DC51 /* InfoPlist.strings */ = {
			isa = PBXVariantGroup;
			children = (
				7EF7112B1976C3C100F7DC51 /* en */,
			);
			name = InfoPlist.strings;
			sourceTree = "<group>";
		};
/* End PBXVariantGroup section */

/* Begin XCBuildConfiguration section */
		7EF7112F1976C3C100F7DC51 /* Debug */ = {
			isa = XCBuildConfiguration;
			buildSettings = {
				ALWAYS_SEARCH_USER_PATHS = NO;
				CLANG_ANALYZER_LOCALIZABILITY_NONLOCALIZED = YES;
				CLANG_CXX_LANGUAGE_STANDARD = "gnu++17";
				CLANG_CXX_LIBRARY = "libc++";
				CLANG_ENABLE_MODULES = YES;
				CLANG_ENABLE_OBJC_ARC = YES;
				CLANG_WARN_BLOCK_CAPTURE_AUTORELEASING = YES;
				CLANG_WARN_BOOL_CONVERSION = YES;
				CLANG_WARN_COMMA = YES;
				CLANG_WARN_CONSTANT_CONVERSION = YES;
				CLANG_WARN_DEPRECATED_OBJC_IMPLEMENTATIONS = YES;
				CLANG_WARN_DIRECT_OBJC_ISA_USAGE = YES_ERROR;
				CLANG_WARN_EMPTY_BODY = YES;
				CLANG_WARN_ENUM_CONVERSION = YES;
				CLANG_WARN_INFINITE_RECURSION = YES;
				CLANG_WARN_INT_CONVERSION = YES;
				CLANG_WARN_NON_LITERAL_NULL_CONVERSION = YES;
				CLANG_WARN_OBJC_IMPLICIT_RETAIN_SELF = YES;
				CLANG_WARN_OBJC_LITERAL_CONVERSION = YES;
				CLANG_WARN_OBJC_ROOT_CLASS = YES_ERROR;
				CLANG_WARN_RANGE_LOOP_ANALYSIS = YES;
				CLANG_WARN_STRICT_PROTOTYPES = YES;
				CLANG_WARN_SUSPICIOUS_MOVE = YES;
				CLANG_WARN_UNREACHABLE_CODE = YES;
				CLANG_WARN__DUPLICATE_METHOD_MATCH = YES;
				CODE_SIGN_ENTITLEMENTS = testWorldpayLibrary/Worldfood.entitlements;
				COPY_PHASE_STRIP = NO;
				ENABLE_STRICT_OBJC_MSGSEND = YES;
				ENABLE_TESTABILITY = YES;
				GCC_C_LANGUAGE_STANDARD = gnu11;
				GCC_DYNAMIC_NO_PIC = NO;
				GCC_NO_COMMON_BLOCKS = YES;
				GCC_OPTIMIZATION_LEVEL = 0;
				GCC_PREPROCESSOR_DEFINITIONS = (
					"DEBUG=1",
					"$(inherited)",
				);
				GCC_SYMBOLS_PRIVATE_EXTERN = NO;
				GCC_WARN_64_TO_32_BIT_CONVERSION = YES;
				GCC_WARN_ABOUT_RETURN_TYPE = YES_ERROR;
				GCC_WARN_UNDECLARED_SELECTOR = YES;
				GCC_WARN_UNINITIALIZED_AUTOS = YES_AGGRESSIVE;
				GCC_WARN_UNUSED_FUNCTION = YES;
				GCC_WARN_UNUSED_VARIABLE = YES;
				IPHONEOS_DEPLOYMENT_TARGET = 9.3;
				ONLY_ACTIVE_ARCH = YES;
				PRODUCT_NAME = Worldfood;
				SDKROOT = iphoneos;
			};
			name = Debug;
		};
		7EF711301976C3C100F7DC51 /* Release */ = {
			isa = XCBuildConfiguration;
			buildSettings = {
				ALWAYS_SEARCH_USER_PATHS = NO;
				CLANG_ANALYZER_LOCALIZABILITY_NONLOCALIZED = YES;
				CLANG_CXX_LANGUAGE_STANDARD = "gnu++17";
				CLANG_CXX_LIBRARY = "libc++";
				CLANG_ENABLE_MODULES = YES;
				CLANG_ENABLE_OBJC_ARC = YES;
				CLANG_WARN_BLOCK_CAPTURE_AUTORELEASING = YES;
				CLANG_WARN_BOOL_CONVERSION = YES;
				CLANG_WARN_COMMA = YES;
				CLANG_WARN_CONSTANT_CONVERSION = YES;
				CLANG_WARN_DEPRECATED_OBJC_IMPLEMENTATIONS = YES;
				CLANG_WARN_DIRECT_OBJC_ISA_USAGE = YES_ERROR;
				CLANG_WARN_EMPTY_BODY = YES;
				CLANG_WARN_ENUM_CONVERSION = YES;
				CLANG_WARN_INFINITE_RECURSION = YES;
				CLANG_WARN_INT_CONVERSION = YES;
				CLANG_WARN_NON_LITERAL_NULL_CONVERSION = YES;
				CLANG_WARN_OBJC_IMPLICIT_RETAIN_SELF = YES;
				CLANG_WARN_OBJC_LITERAL_CONVERSION = YES;
				CLANG_WARN_OBJC_ROOT_CLASS = YES_ERROR;
				CLANG_WARN_RANGE_LOOP_ANALYSIS = YES;
				CLANG_WARN_STRICT_PROTOTYPES = YES;
				CLANG_WARN_SUSPICIOUS_MOVE = YES;
				CLANG_WARN_UNREACHABLE_CODE = YES;
				CLANG_WARN__DUPLICATE_METHOD_MATCH = YES;
				CODE_SIGN_ENTITLEMENTS = testWorldpayLibrary/Worldfood.entitlements;
				COPY_PHASE_STRIP = YES;
				ENABLE_NS_ASSERTIONS = NO;
				ENABLE_STRICT_OBJC_MSGSEND = YES;
				GCC_C_LANGUAGE_STANDARD = gnu11;
				GCC_NO_COMMON_BLOCKS = YES;
				GCC_WARN_64_TO_32_BIT_CONVERSION = YES;
				GCC_WARN_ABOUT_RETURN_TYPE = YES_ERROR;
				GCC_WARN_UNDECLARED_SELECTOR = YES;
				GCC_WARN_UNINITIALIZED_AUTOS = YES_AGGRESSIVE;
				GCC_WARN_UNUSED_FUNCTION = YES;
				GCC_WARN_UNUSED_VARIABLE = YES;
				IPHONEOS_DEPLOYMENT_TARGET = 9.3;
				PRODUCT_NAME = Worldfood;
				SDKROOT = iphoneos;
				VALIDATE_PRODUCT = YES;
			};
			name = Release;
		};
		7EF711321976C3C100F7DC51 /* Debug */ = {
			isa = XCBuildConfiguration;
			baseConfigurationReference = 50B8FB47399606D0168C472D /* Pods-testWorldpayLibrary.debug.xcconfig */;
			buildSettings = {
				ASSETCATALOG_COMPILER_APPICON_NAME = AppIcon;
				CODE_SIGN_ENTITLEMENTS = testWorldpayLibrary/Worldfood.entitlements;
				CODE_SIGN_IDENTITY = "iPhone Developer";
				CODE_SIGN_STYLE = Automatic;
				DEVELOPMENT_TEAM = "";
				GCC_PRECOMPILE_PREFIX_HEADER = YES;
				GCC_PREFIX_HEADER = "testWorldpayLibrary/testWorldpayLibrary-Prefix.pch";
				INFOPLIST_FILE = "testWorldpayLibrary/testWorldpayLibrary-Info.plist";
				PRODUCT_BUNDLE_IDENTIFIER = com.worldpay.worldfoodapp;
				PRODUCT_NAME = Worldfood;
				PROVISIONING_PROFILE_SPECIFIER = "";
				WRAPPER_EXTENSION = app;
			};
			name = Debug;
		};
		7EF711331976C3C100F7DC51 /* Release */ = {
			isa = XCBuildConfiguration;
			baseConfigurationReference = 0EAE37F6BC6C51224E880E0D /* Pods-testWorldpayLibrary.release.xcconfig */;
			buildSettings = {
				ASSETCATALOG_COMPILER_APPICON_NAME = AppIcon;
				CODE_SIGN_ENTITLEMENTS = testWorldpayLibrary/Worldfood.entitlements;
				CODE_SIGN_IDENTITY = "iPhone Developer";
				CODE_SIGN_STYLE = Automatic;
				DEVELOPMENT_TEAM = "";
				GCC_PRECOMPILE_PREFIX_HEADER = YES;
				GCC_PREFIX_HEADER = "testWorldpayLibrary/testWorldpayLibrary-Prefix.pch";
				INFOPLIST_FILE = "testWorldpayLibrary/testWorldpayLibrary-Info.plist";
				PRODUCT_BUNDLE_IDENTIFIER = com.worldpay.worldfoodapp;
				PRODUCT_NAME = Worldfood;
				PROVISIONING_PROFILE_SPECIFIER = "";
				WRAPPER_EXTENSION = app;
			};
			name = Release;
		};
		7EF711351976C3C100F7DC51 /* Debug */ = {
			isa = XCBuildConfiguration;
			buildSettings = {
				BUNDLE_LOADER = "$(TEST_HOST)";
				CODE_SIGN_IDENTITY = "iPhone Developer";
				"CODE_SIGN_IDENTITY[sdk=iphoneos*]" = "iPhone Developer";
				FRAMEWORK_SEARCH_PATHS = (
					"$(SDKROOT)/Developer/Library/Frameworks",
					"$(inherited)",
					"$(DEVELOPER_FRAMEWORKS_DIR)",
				);
				GCC_PRECOMPILE_PREFIX_HEADER = YES;
				GCC_PREFIX_HEADER = "testWorldpayLibrary/testWorldpayLibrary-Prefix.pch";
				GCC_PREPROCESSOR_DEFINITIONS = (
					"DEBUG=1",
					"$(inherited)",
				);
				INFOPLIST_FILE = "testWorldpayLibraryTests/testWorldpayLibraryTests-Info.plist";
				LIBRARY_SEARCH_PATHS = (
					"$(inherited)",
					"$(USER_LIBRARY_DIR)/Developer/Xcode/DerivedData/Worldpay-budbzhqblacwlcczmrysjaznqbqi/Build/Products/Debug-universal",
					"$(PROJECT_DIR)/include",
				);
				PRODUCT_BUNDLE_IDENTIFIER = "com.worldpay.${PRODUCT_NAME:rfc1034identifier}";
				PRODUCT_NAME = "$(TARGET_NAME)";
				PROVISIONING_PROFILE = "";
				TEST_HOST = "$(BUILT_PRODUCTS_DIR)/Worldfood.app/Worldfood";
				WRAPPER_EXTENSION = xctest;
			};
			name = Debug;
		};
		7EF711361976C3C100F7DC51 /* Release */ = {
			isa = XCBuildConfiguration;
			buildSettings = {
				BUNDLE_LOADER = "$(TEST_HOST)";
				CODE_SIGN_IDENTITY = "iPhone Distribution";
				"CODE_SIGN_IDENTITY[sdk=iphoneos*]" = "iPhone Distribution";
				FRAMEWORK_SEARCH_PATHS = (
					"$(SDKROOT)/Developer/Library/Frameworks",
					"$(inherited)",
					"$(DEVELOPER_FRAMEWORKS_DIR)",
				);
				GCC_PRECOMPILE_PREFIX_HEADER = YES;
				GCC_PREFIX_HEADER = "testWorldpayLibrary/testWorldpayLibrary-Prefix.pch";
				INFOPLIST_FILE = "testWorldpayLibraryTests/testWorldpayLibraryTests-Info.plist";
				LIBRARY_SEARCH_PATHS = (
					"$(inherited)",
					"$(USER_LIBRARY_DIR)/Developer/Xcode/DerivedData/Worldpay-budbzhqblacwlcczmrysjaznqbqi/Build/Products/Debug-universal",
					"$(PROJECT_DIR)/include",
				);
				PRODUCT_BUNDLE_IDENTIFIER = "com.worldpay.${PRODUCT_NAME:rfc1034identifier}";
				PRODUCT_NAME = "$(TARGET_NAME)";
				PROVISIONING_PROFILE = "";
				TEST_HOST = "$(BUILT_PRODUCTS_DIR)/Worldfood.app/Worldfood";
				WRAPPER_EXTENSION = xctest;
			};
			name = Release;
		};
/* End XCBuildConfiguration section */

/* Begin XCConfigurationList section */
		7EF711001976C3C000F7DC51 /* Build configuration list for PBXProject "testWorldpayLibrary" */ = {
			isa = XCConfigurationList;
			buildConfigurations = (
				7EF7112F1976C3C100F7DC51 /* Debug */,
				7EF711301976C3C100F7DC51 /* Release */,
			);
			defaultConfigurationIsVisible = 0;
			defaultConfigurationName = Release;
		};
		7EF711311976C3C100F7DC51 /* Build configuration list for PBXNativeTarget "testWorldpayLibrary" */ = {
			isa = XCConfigurationList;
			buildConfigurations = (
				7EF711321976C3C100F7DC51 /* Debug */,
				7EF711331976C3C100F7DC51 /* Release */,
			);
			defaultConfigurationIsVisible = 0;
			defaultConfigurationName = Release;
		};
		7EF711341976C3C100F7DC51 /* Build configuration list for PBXNativeTarget "testWorldpayLibraryTests" */ = {
			isa = XCConfigurationList;
			buildConfigurations = (
				7EF711351976C3C100F7DC51 /* Debug */,
				7EF711361976C3C100F7DC51 /* Release */,
			);
			defaultConfigurationIsVisible = 0;
			defaultConfigurationName = Release;
		};
/* End XCConfigurationList section */
	};
	rootObject = 7EF710FD1976C3C000F7DC51 /* Project object */;
}
