// !$*UTF8*$!
{
	archiveVersion = 1;
	classes = {
	};
	objectVersion = 48;
	objects = {

/* Begin PBXAggregateTarget section */
		7EF710AD1976BA4600F7DC51 /* UniversalLib */ = {
			isa = PBXAggregateTarget;
			buildConfigurationList = 7EF710AE1976BA4600F7DC51 /* Build configuration list for PBXAggregateTarget "UniversalLib" */;
			buildPhases = (
				7EF710B31976BB1400F7DC51 /* ShellScript */,
			);
			dependencies = (
				A5D2346E2088CBD40079B644 /* PBXTargetDependency */,
				A5D234702088CBD40079B644 /* PBXTargetDependency */,
			);
			name = UniversalLib;
			productName = UniversalLib;
		};
/* End PBXAggregateTarget section */

/* Begin PBXBuildFile section */
		59243DEF1A26144E005F900B /* WorldpayUtils.m in Sources */ = {isa = PBXBuildFile; fileRef = 59243DEE1A26144E005F900B /* WorldpayUtils.m */; };
		5929C51E1A717A1B00BAB6D8 /* Worldpay+ApplePay.h in CopyFiles */ = {isa = PBXBuildFile; fileRef = 59FE0F741A71601D00691C1F /* Worldpay+ApplePay.h */; };
		5929C5221A717D8A00BAB6D8 /* WorldpayApplePayTests.m in Sources */ = {isa = PBXBuildFile; fileRef = 5929C5211A717D8A00BAB6D8 /* WorldpayApplePayTests.m */; };
		5957D19D1A71839500D7A99F /* Worldpay+ApplePay.m in Sources */ = {isa = PBXBuildFile; fileRef = 59FE0F751A71601D00691C1F /* Worldpay+ApplePay.m */; };
		59670F361A24ED4C001DA3F3 /* CoreText.framework in Frameworks */ = {isa = PBXBuildFile; fileRef = 59670F351A24ED4C001DA3F3 /* CoreText.framework */; };
		597077AD1993999A002651A7 /* CoreFoundation.framework in Frameworks */ = {isa = PBXBuildFile; fileRef = 597077AC1993999A002651A7 /* CoreFoundation.framework */; };
		597077B31993999A002651A7 /* InfoPlist.strings in Resources */ = {isa = PBXBuildFile; fileRef = 597077B11993999A002651A7 /* InfoPlist.strings */; };
		597077BF19939A79002651A7 /* WorldpayResources.bundle in CopyFiles */ = {isa = PBXBuildFile; fileRef = 597077AB1993999A002651A7 /* WorldpayResources.bundle */; settings = {ATTRIBUTES = (CodeSignOnCopy, ); }; };
		5A8BC2BB1BD8DBDF00FFBED0 /* WorldpayAPMViewController.m in Sources */ = {isa = PBXBuildFile; fileRef = 5A8BC2B91BD8DBDF00FFBED0 /* WorldpayAPMViewController.m */; };
		5A8BC2BC1BD8EB4400FFBED0 /* WorldpayAPMViewController.h in CopyFiles */ = {isa = PBXBuildFile; fileRef = 5A8BC2B81BD8DBDF00FFBED0 /* WorldpayAPMViewController.h */; };
		5A8BC2BE1BDA2A3200FFBED0 /* APMController.m in Sources */ = {isa = PBXBuildFile; fileRef = 5A8BC2BD1BDA2A3200FFBED0 /* APMController.m */; };
		5A8BC2CA1BDA9DD600FFBED0 /* ThreeDSController.m in Sources */ = {isa = PBXBuildFile; fileRef = 5A8BC2C81BDA9DD600FFBED0 /* ThreeDSController.m */; };
		5A8BC2CB1BDA9F7700FFBED0 /* ThreeDSController.h in CopyFiles */ = {isa = PBXBuildFile; fileRef = 5A8BC2C71BDA9DD600FFBED0 /* ThreeDSController.h */; };
		5AC8C68A1BDE5E8C006F1F78 /* APMController.h in CopyFiles */ = {isa = PBXBuildFile; fileRef = 5A8BC2BF1BDA2A8500FFBED0 /* APMController.h */; };
		7E00CE58198B758C00C34D6A /* WorldpayCardViewController.h in CopyFiles */ = {isa = PBXBuildFile; fileRef = 7EEBCC21197E59BB00DBEA7C /* WorldpayCardViewController.h */; };
		7EEBCC24197E59BB00DBEA7C /* WorldpayCardViewController.m in Sources */ = {isa = PBXBuildFile; fileRef = 7EEBCC22197E59BB00DBEA7C /* WorldpayCardViewController.m */; };
		7EF710791976B8B800F7DC51 /* Foundation.framework in Frameworks */ = {isa = PBXBuildFile; fileRef = 7EF710781976B8B800F7DC51 /* Foundation.framework */; };
		7EF7107E1976B8B800F7DC51 /* Worldpay.h in CopyFiles */ = {isa = PBXBuildFile; fileRef = 7EF7107D1976B8B800F7DC51 /* Worldpay.h */; };
		7EF710801976B8B800F7DC51 /* Worldpay.m in Sources */ = {isa = PBXBuildFile; fileRef = 7EF7107F1976B8B800F7DC51 /* Worldpay.m */; };
		7EF710881976B8B800F7DC51 /* Foundation.framework in Frameworks */ = {isa = PBXBuildFile; fileRef = 7EF710781976B8B800F7DC51 /* Foundation.framework */; };
		7EF7108D1976B8B800F7DC51 /* libWorldpay.a in Frameworks */ = {isa = PBXBuildFile; fileRef = 7EF710751976B8B800F7DC51 /* libWorldpay.a */; };
		7EF710931976B8B800F7DC51 /* InfoPlist.strings in Resources */ = {isa = PBXBuildFile; fileRef = 7EF710911976B8B800F7DC51 /* InfoPlist.strings */; };
		7EF710951976B8B800F7DC51 /* WorldpayTests.m in Sources */ = {isa = PBXBuildFile; fileRef = 7EF710941976B8B800F7DC51 /* WorldpayTests.m */; };
		A59C28B52215B36700610B6C /* wp_ic_visa_checkout@2x.png in Resources */ = {isa = PBXBuildFile; fileRef = A59C28882215B36300610B6C /* wp_ic_visa_checkout@2x.png */; };
		A59C28B62215B36700610B6C /* poweredByWorldPay.png in Resources */ = {isa = PBXBuildFile; fileRef = A59C28892215B36300610B6C /* poweredByWorldPay.png */; };
		A59C28B72215B36700610B6C /* wp_ic_laser.png in Resources */ = {isa = PBXBuildFile; fileRef = A59C288A2215B36300610B6C /* wp_ic_laser.png */; };
		A59C28B82215B36700610B6C /* wp_ic_amex@2x.png in Resources */ = {isa = PBXBuildFile; fileRef = A59C288B2215B36300610B6C /* wp_ic_amex@2x.png */; };
		A59C28B92215B36700610B6C /* wp_ic_lockB@2x.png in Resources */ = {isa = PBXBuildFile; fileRef = A59C288C2215B36300610B6C /* wp_ic_lockB@2x.png */; };
		A59C28BA2215B36700610B6C /* wp_ic_lockW@3x.png in Resources */ = {isa = PBXBuildFile; fileRef = A59C288D2215B36300610B6C /* wp_ic_lockW@3x.png */; };
		A59C28BB2215B36700610B6C /* wp_ic_back_arrow@2x.png in Resources */ = {isa = PBXBuildFile; fileRef = A59C288E2215B36300610B6C /* wp_ic_back_arrow@2x.png */; };
		A59C28BC2215B36700610B6C /* wp_ic_mastercard@3x.png in Resources */ = {isa = PBXBuildFile; fileRef = A59C288F2215B36300610B6C /* wp_ic_mastercard@3x.png */; };
		A59C28BD2215B36700610B6C /* wp_ic_masterpass@3x.png in Resources */ = {isa = PBXBuildFile; fileRef = A59C28902215B36300610B6C /* wp_ic_masterpass@3x.png */; };
		A59C28BE2215B36700610B6C /* wp_ic_diners@2x.png in Resources */ = {isa = PBXBuildFile; fileRef = A59C28912215B36300610B6C /* wp_ic_diners@2x.png */; };
		A59C28BF2215B36700610B6C /* wp_ic_lockB@3x.png in Resources */ = {isa = PBXBuildFile; fileRef = A59C28922215B36300610B6C /* wp_ic_lockB@3x.png */; };
		A59C28C02215B36700610B6C /* wp_ic_visa_checkout.png in Resources */ = {isa = PBXBuildFile; fileRef = A59C28932215B36300610B6C /* wp_ic_visa_checkout.png */; };
		A59C28C12215B36700610B6C /* wp_ic_laser@2x.png in Resources */ = {isa = PBXBuildFile; fileRef = A59C28942215B36300610B6C /* wp_ic_laser@2x.png */; };
		A59C28C22215B36700610B6C /* wp_ic_jcb@3x.png in Resources */ = {isa = PBXBuildFile; fileRef = A59C28952215B36300610B6C /* wp_ic_jcb@3x.png */; };
		A59C28C42215B36700610B6C /* wp_ic_amex.png in Resources */ = {isa = PBXBuildFile; fileRef = A59C28972215B36300610B6C /* wp_ic_amex.png */; };
		A59C28C52215B36700610B6C /* wp_ic_maestro.png in Resources */ = {isa = PBXBuildFile; fileRef = A59C28982215B36400610B6C /* wp_ic_maestro.png */; };
		A59C28C62215B36700610B6C /* wp_ic_maestro@2x.png in Resources */ = {isa = PBXBuildFile; fileRef = A59C28992215B36400610B6C /* wp_ic_maestro@2x.png */; };
		A59C28C72215B36700610B6C /* wp_ic_masterpass.png in Resources */ = {isa = PBXBuildFile; fileRef = A59C289A2215B36400610B6C /* wp_ic_masterpass.png */; };
		A59C28C82215B36700610B6C /* wp_ic_back_arrow.png in Resources */ = {isa = PBXBuildFile; fileRef = A59C289B2215B36400610B6C /* wp_ic_back_arrow.png */; };
		A59C28C92215B36700610B6C /* wp_ic_default_card.png in Resources */ = {isa = PBXBuildFile; fileRef = A59C289C2215B36400610B6C /* wp_ic_default_card.png */; };
		A59C28CA2215B36700610B6C /* wp_ic_default_card@2x.png in Resources */ = {isa = PBXBuildFile; fileRef = A59C289D2215B36400610B6C /* wp_ic_default_card@2x.png */; };
		A59C28CB2215B36700610B6C /* wp_ic_visa.png in Resources */ = {isa = PBXBuildFile; fileRef = A59C289E2215B36400610B6C /* wp_ic_visa.png */; };
		A59C28CC2215B36700610B6C /* wp_ic_mastercard.png in Resources */ = {isa = PBXBuildFile; fileRef = A59C289F2215B36400610B6C /* wp_ic_mastercard.png */; };
		A59C28CD2215B36700610B6C /* wp_ic_lockW@2x.png in Resources */ = {isa = PBXBuildFile; fileRef = A59C28A02215B36400610B6C /* wp_ic_lockW@2x.png */; };
		A59C28CE2215B36700610B6C /* wp_ic_lockB.png in Resources */ = {isa = PBXBuildFile; fileRef = A59C28A12215B36400610B6C /* wp_ic_lockB.png */; };
		A59C28CF2215B36700610B6C /* wp_ic_visa@2x.png in Resources */ = {isa = PBXBuildFile; fileRef = A59C28A22215B36400610B6C /* wp_ic_visa@2x.png */; };
		A59C28D12215B36700610B6C /* wp_ic_diners@3x.png in Resources */ = {isa = PBXBuildFile; fileRef = A59C28A42215B36500610B6C /* wp_ic_diners@3x.png */; };
		A59C28D22215B36700610B6C /* wp_ic_masterpass@2x.png in Resources */ = {isa = PBXBuildFile; fileRef = A59C28A52215B36500610B6C /* wp_ic_masterpass@2x.png */; };
		A59C28D32215B36700610B6C /* wp_ic_lockW.png in Resources */ = {isa = PBXBuildFile; fileRef = A59C28A62215B36500610B6C /* wp_ic_lockW.png */; };
		A59C28D42215B36700610B6C /* wp_ic_diners.png in Resources */ = {isa = PBXBuildFile; fileRef = A59C28A72215B36500610B6C /* wp_ic_diners.png */; };
		A59C28D52215B36700610B6C /* wp_ic_maestro@3x.png in Resources */ = {isa = PBXBuildFile; fileRef = A59C28A82215B36500610B6C /* wp_ic_maestro@3x.png */; };
		A59C28D62215B36700610B6C /* wp_ic_visa_checkout@3x.png in Resources */ = {isa = PBXBuildFile; fileRef = A59C28A92215B36500610B6C /* wp_ic_visa_checkout@3x.png */; };
		A59C28D72215B36700610B6C /* wp_ic_jcb.png in Resources */ = {isa = PBXBuildFile; fileRef = A59C28AA2215B36500610B6C /* wp_ic_jcb.png */; };
		A59C28D82215B36700610B6C /* wp_ic_visa@3x.png in Resources */ = {isa = PBXBuildFile; fileRef = A59C28AB2215B36500610B6C /* wp_ic_visa@3x.png */; };
		A59C28D92215B36700610B6C /* wp_ic_jcb@2x.png in Resources */ = {isa = PBXBuildFile; fileRef = A59C28AC2215B36500610B6C /* wp_ic_jcb@2x.png */; };
		A59C28DA2215B36700610B6C /* wp_ic_back_arrow@3x.png in Resources */ = {isa = PBXBuildFile; fileRef = A59C28AD2215B36600610B6C /* wp_ic_back_arrow@3x.png */; };
		A59C28DB2215B36700610B6C /* wp_ic_mastercard@2x.png in Resources */ = {isa = PBXBuildFile; fileRef = A59C28AE2215B36600610B6C /* wp_ic_mastercard@2x.png */; };
		A59C28DE2215B36700610B6C /* wp_ic_laser@3x.png in Resources */ = {isa = PBXBuildFile; fileRef = A59C28B12215B36600610B6C /* wp_ic_laser@3x.png */; };
		A59C28E02215B36700610B6C /* wp_ic_amex@3x.png in Resources */ = {isa = PBXBuildFile; fileRef = A59C28B32215B36600610B6C /* wp_ic_amex@3x.png */; };
		A59C28E92216D56F00610B6C /* WorldpayResourcesManager.m in Sources */ = {isa = PBXBuildFile; fileRef = A59C28E82216D56F00610B6C /* WorldpayResourcesManager.m */; };
		B2B16E8DB17B41DEE9958DB8 /* Pods_Worldpay.framework in Frameworks */ = {isa = PBXBuildFile; fileRef = AE8512D1CF00E59D921E7064 /* Pods_Worldpay.framework */; };
/* End PBXBuildFile section */

/* Begin PBXContainerItemProxy section */
		7EF7108B1976B8B800F7DC51 /* PBXContainerItemProxy */ = {
			isa = PBXContainerItemProxy;
			containerPortal = 7EF7106D1976B8B800F7DC51 /* Project object */;
			proxyType = 1;
			remoteGlobalIDString = 7EF710741976B8B800F7DC51;
			remoteInfo = Worldpay;
		};
		A5D2346D2088CBD40079B644 /* PBXContainerItemProxy */ = {
			isa = PBXContainerItemProxy;
			containerPortal = 7EF7106D1976B8B800F7DC51 /* Project object */;
			proxyType = 1;
			remoteGlobalIDString = 7EF710741976B8B800F7DC51;
			remoteInfo = Worldpay;
		};
		A5D2346F2088CBD40079B644 /* PBXContainerItemProxy */ = {
			isa = PBXContainerItemProxy;
			containerPortal = 7EF7106D1976B8B800F7DC51 /* Project object */;
			proxyType = 1;
			remoteGlobalIDString = 597077AA1993999A002651A7;
			remoteInfo = WorldpayResources;
		};
/* End PBXContainerItemProxy section */

/* Begin PBXCopyFilesBuildPhase section */
		7EF710731976B8B800F7DC51 /* CopyFiles */ = {
			isa = PBXCopyFilesBuildPhase;
			buildActionMask = 2147483647;
			dstPath = "include/$(PRODUCT_NAME)";
			dstSubfolderSpec = 16;
			files = (
				5AC8C68A1BDE5E8C006F1F78 /* APMController.h in CopyFiles */,
				5A8BC2CB1BDA9F7700FFBED0 /* ThreeDSController.h in CopyFiles */,
				5A8BC2BC1BD8EB4400FFBED0 /* WorldpayAPMViewController.h in CopyFiles */,
				5929C51E1A717A1B00BAB6D8 /* Worldpay+ApplePay.h in CopyFiles */,
				597077BF19939A79002651A7 /* WorldpayResources.bundle in CopyFiles */,
				7E00CE58198B758C00C34D6A /* WorldpayCardViewController.h in CopyFiles */,
				7EF7107E1976B8B800F7DC51 /* Worldpay.h in CopyFiles */,
			);
			runOnlyForDeploymentPostprocessing = 0;
		};
/* End PBXCopyFilesBuildPhase section */

/* Begin PBXFileReference section */
		59243DED1A26144E005F900B /* WorldpayUtils.h */ = {isa = PBXFileReference; fileEncoding = 4; lastKnownFileType = sourcecode.c.h; path = WorldpayUtils.h; sourceTree = "<group>"; };
		59243DEE1A26144E005F900B /* WorldpayUtils.m */ = {isa = PBXFileReference; fileEncoding = 4; lastKnownFileType = sourcecode.c.objc; path = WorldpayUtils.m; sourceTree = "<group>"; };
		5929C5211A717D8A00BAB6D8 /* WorldpayApplePayTests.m */ = {isa = PBXFileReference; fileEncoding = 4; lastKnownFileType = sourcecode.c.objc; path = WorldpayApplePayTests.m; sourceTree = "<group>"; };
		59670F351A24ED4C001DA3F3 /* CoreText.framework */ = {isa = PBXFileReference; lastKnownFileType = wrapper.framework; name = CoreText.framework; path = System/Library/Frameworks/CoreText.framework; sourceTree = SDKROOT; };
		597077AB1993999A002651A7 /* WorldpayResources.bundle */ = {isa = PBXFileReference; explicitFileType = wrapper.cfbundle; includeInIndex = 0; path = WorldpayResources.bundle; sourceTree = BUILT_PRODUCTS_DIR; };
		597077AC1993999A002651A7 /* CoreFoundation.framework */ = {isa = PBXFileReference; lastKnownFileType = wrapper.framework; name = CoreFoundation.framework; path = System/Library/Frameworks/CoreFoundation.framework; sourceTree = SDKROOT; };
		597077B01993999A002651A7 /* WorldpayResources-Info.plist */ = {isa = PBXFileReference; lastKnownFileType = text.plist.xml; path = "WorldpayResources-Info.plist"; sourceTree = "<group>"; };
		597077B21993999A002651A7 /* en */ = {isa = PBXFileReference; lastKnownFileType = text.plist.strings; name = en; path = en.lproj/InfoPlist.strings; sourceTree = "<group>"; };
		597077B41993999A002651A7 /* WorldpayResources-Prefix.pch */ = {isa = PBXFileReference; lastKnownFileType = sourcecode.c.h; path = "WorldpayResources-Prefix.pch"; sourceTree = "<group>"; };
		59E902A51A2C7F2D00BBE8B5 /* en */ = {isa = PBXFileReference; lastKnownFileType = text.plist.strings; name = en; path = Localizable.strings; sourceTree = "<group>"; };
		59FE0F741A71601D00691C1F /* Worldpay+ApplePay.h */ = {isa = PBXFileReference; fileEncoding = 4; lastKnownFileType = sourcecode.c.h; path = "Worldpay+ApplePay.h"; sourceTree = "<group>"; };
		59FE0F751A71601D00691C1F /* Worldpay+ApplePay.m */ = {isa = PBXFileReference; fileEncoding = 4; lastKnownFileType = sourcecode.c.objc; path = "Worldpay+ApplePay.m"; sourceTree = "<group>"; };
		5A8BC2B81BD8DBDF00FFBED0 /* WorldpayAPMViewController.h */ = {isa = PBXFileReference; fileEncoding = 4; lastKnownFileType = sourcecode.c.h; path = WorldpayAPMViewController.h; sourceTree = "<group>"; };
		5A8BC2B91BD8DBDF00FFBED0 /* WorldpayAPMViewController.m */ = {isa = PBXFileReference; fileEncoding = 4; lastKnownFileType = sourcecode.c.objc; path = WorldpayAPMViewController.m; sourceTree = "<group>"; };
		5A8BC2BD1BDA2A3200FFBED0 /* APMController.m */ = {isa = PBXFileReference; fileEncoding = 4; lastKnownFileType = sourcecode.c.objc; path = APMController.m; sourceTree = "<group>"; };
		5A8BC2BF1BDA2A8500FFBED0 /* APMController.h */ = {isa = PBXFileReference; fileEncoding = 4; lastKnownFileType = sourcecode.c.h; path = APMController.h; sourceTree = "<group>"; };
		5A8BC2C71BDA9DD600FFBED0 /* ThreeDSController.h */ = {isa = PBXFileReference; fileEncoding = 4; lastKnownFileType = sourcecode.c.h; path = ThreeDSController.h; sourceTree = "<group>"; };
		5A8BC2C81BDA9DD600FFBED0 /* ThreeDSController.m */ = {isa = PBXFileReference; fileEncoding = 4; lastKnownFileType = sourcecode.c.objc; path = ThreeDSController.m; sourceTree = "<group>"; };
		6D1C2B8E83D580151CB88A7E /* Pods.debug.xcconfig */ = {isa = PBXFileReference; includeInIndex = 1; lastKnownFileType = text.xcconfig; name = Pods.debug.xcconfig; path = "Pods/Target Support Files/Pods/Pods.debug.xcconfig"; sourceTree = "<group>"; };
		7EEBCC21197E59BB00DBEA7C /* WorldpayCardViewController.h */ = {isa = PBXFileReference; fileEncoding = 4; lastKnownFileType = sourcecode.c.h; path = WorldpayCardViewController.h; sourceTree = "<group>"; };
		7EEBCC22197E59BB00DBEA7C /* WorldpayCardViewController.m */ = {isa = PBXFileReference; fileEncoding = 4; lastKnownFileType = sourcecode.c.objc; path = WorldpayCardViewController.m; sourceTree = "<group>"; };
		7EF710751976B8B800F7DC51 /* libWorldpay.a */ = {isa = PBXFileReference; explicitFileType = archive.ar; includeInIndex = 0; path = libWorldpay.a; sourceTree = BUILT_PRODUCTS_DIR; };
		7EF710781976B8B800F7DC51 /* Foundation.framework */ = {isa = PBXFileReference; lastKnownFileType = wrapper.framework; name = Foundation.framework; path = System/Library/Frameworks/Foundation.framework; sourceTree = SDKROOT; };
		7EF7107C1976B8B800F7DC51 /* Worldpay-Prefix.pch */ = {isa = PBXFileReference; lastKnownFileType = sourcecode.c.h; path = "Worldpay-Prefix.pch"; sourceTree = "<group>"; };
		7EF7107D1976B8B800F7DC51 /* Worldpay.h */ = {isa = PBXFileReference; lastKnownFileType = sourcecode.c.h; path = Worldpay.h; sourceTree = "<group>"; };
		7EF7107F1976B8B800F7DC51 /* Worldpay.m */ = {isa = PBXFileReference; lastKnownFileType = sourcecode.c.objc; path = Worldpay.m; sourceTree = "<group>"; };
		7EF710851976B8B800F7DC51 /* WorldpayTests.xctest */ = {isa = PBXFileReference; explicitFileType = wrapper.cfbundle; includeInIndex = 0; path = WorldpayTests.xctest; sourceTree = BUILT_PRODUCTS_DIR; };
		7EF710901976B8B800F7DC51 /* WorldpayTests-Info.plist */ = {isa = PBXFileReference; lastKnownFileType = text.plist.xml; path = "WorldpayTests-Info.plist"; sourceTree = "<group>"; };
		7EF710921976B8B800F7DC51 /* en */ = {isa = PBXFileReference; lastKnownFileType = text.plist.strings; name = en; path = en.lproj/InfoPlist.strings; sourceTree = "<group>"; };
		7EF710941976B8B800F7DC51 /* WorldpayTests.m */ = {isa = PBXFileReference; lastKnownFileType = sourcecode.c.objc; path = WorldpayTests.m; sourceTree = "<group>"; };
		A59C28882215B36300610B6C /* wp_ic_visa_checkout@2x.png */ = {isa = PBXFileReference; lastKnownFileType = image.png; name = "wp_ic_visa_checkout@2x.png"; path = "Resources/wp_ic_visa_checkout@2x.png"; sourceTree = "<group>"; };
		A59C28892215B36300610B6C /* poweredByWorldPay.png */ = {isa = PBXFileReference; lastKnownFileType = image.png; name = poweredByWorldPay.png; path = Resources/poweredByWorldPay.png; sourceTree = "<group>"; };
		A59C288A2215B36300610B6C /* wp_ic_laser.png */ = {isa = PBXFileReference; lastKnownFileType = image.png; name = wp_ic_laser.png; path = Resources/wp_ic_laser.png; sourceTree = "<group>"; };
		A59C288B2215B36300610B6C /* wp_ic_amex@2x.png */ = {isa = PBXFileReference; lastKnownFileType = image.png; name = "wp_ic_amex@2x.png"; path = "Resources/wp_ic_amex@2x.png"; sourceTree = "<group>"; };
		A59C288C2215B36300610B6C /* wp_ic_lockB@2x.png */ = {isa = PBXFileReference; lastKnownFileType = image.png; name = "wp_ic_lockB@2x.png"; path = "Resources/wp_ic_lockB@2x.png"; sourceTree = "<group>"; };
		A59C288D2215B36300610B6C /* wp_ic_lockW@3x.png */ = {isa = PBXFileReference; lastKnownFileType = image.png; name = "wp_ic_lockW@3x.png"; path = "Resources/wp_ic_lockW@3x.png"; sourceTree = "<group>"; };
		A59C288E2215B36300610B6C /* wp_ic_back_arrow@2x.png */ = {isa = PBXFileReference; lastKnownFileType = image.png; name = "wp_ic_back_arrow@2x.png"; path = "Resources/wp_ic_back_arrow@2x.png"; sourceTree = "<group>"; };
		A59C288F2215B36300610B6C /* wp_ic_mastercard@3x.png */ = {isa = PBXFileReference; lastKnownFileType = image.png; name = "wp_ic_mastercard@3x.png"; path = "Resources/wp_ic_mastercard@3x.png"; sourceTree = "<group>"; };
		A59C28902215B36300610B6C /* wp_ic_masterpass@3x.png */ = {isa = PBXFileReference; lastKnownFileType = image.png; name = "wp_ic_masterpass@3x.png"; path = "Resources/wp_ic_masterpass@3x.png"; sourceTree = "<group>"; };
		A59C28912215B36300610B6C /* wp_ic_diners@2x.png */ = {isa = PBXFileReference; lastKnownFileType = image.png; name = "wp_ic_diners@2x.png"; path = "Resources/wp_ic_diners@2x.png"; sourceTree = "<group>"; };
		A59C28922215B36300610B6C /* wp_ic_lockB@3x.png */ = {isa = PBXFileReference; lastKnownFileType = image.png; name = "wp_ic_lockB@3x.png"; path = "Resources/wp_ic_lockB@3x.png"; sourceTree = "<group>"; };
		A59C28932215B36300610B6C /* wp_ic_visa_checkout.png */ = {isa = PBXFileReference; lastKnownFileType = image.png; name = wp_ic_visa_checkout.png; path = Resources/wp_ic_visa_checkout.png; sourceTree = "<group>"; };
		A59C28942215B36300610B6C /* wp_ic_laser@2x.png */ = {isa = PBXFileReference; lastKnownFileType = image.png; name = "wp_ic_laser@2x.png"; path = "Resources/wp_ic_laser@2x.png"; sourceTree = "<group>"; };
		A59C28952215B36300610B6C /* wp_ic_jcb@3x.png */ = {isa = PBXFileReference; lastKnownFileType = image.png; name = "wp_ic_jcb@3x.png"; path = "Resources/wp_ic_jcb@3x.png"; sourceTree = "<group>"; };
		A59C28972215B36300610B6C /* wp_ic_amex.png */ = {isa = PBXFileReference; lastKnownFileType = image.png; name = wp_ic_amex.png; path = Resources/wp_ic_amex.png; sourceTree = "<group>"; };
		A59C28982215B36400610B6C /* wp_ic_maestro.png */ = {isa = PBXFileReference; lastKnownFileType = image.png; name = wp_ic_maestro.png; path = Resources/wp_ic_maestro.png; sourceTree = "<group>"; };
		A59C28992215B36400610B6C /* wp_ic_maestro@2x.png */ = {isa = PBXFileReference; lastKnownFileType = image.png; name = "wp_ic_maestro@2x.png"; path = "Resources/wp_ic_maestro@2x.png"; sourceTree = "<group>"; };
		A59C289A2215B36400610B6C /* wp_ic_masterpass.png */ = {isa = PBXFileReference; lastKnownFileType = image.png; name = wp_ic_masterpass.png; path = Resources/wp_ic_masterpass.png; sourceTree = "<group>"; };
		A59C289B2215B36400610B6C /* wp_ic_back_arrow.png */ = {isa = PBXFileReference; lastKnownFileType = image.png; name = wp_ic_back_arrow.png; path = Resources/wp_ic_back_arrow.png; sourceTree = "<group>"; };
		A59C289C2215B36400610B6C /* wp_ic_default_card.png */ = {isa = PBXFileReference; lastKnownFileType = image.png; name = wp_ic_default_card.png; path = Resources/wp_ic_default_card.png; sourceTree = "<group>"; };
		A59C289D2215B36400610B6C /* wp_ic_default_card@2x.png */ = {isa = PBXFileReference; lastKnownFileType = image.png; name = "wp_ic_default_card@2x.png"; path = "Resources/wp_ic_default_card@2x.png"; sourceTree = "<group>"; };
		A59C289E2215B36400610B6C /* wp_ic_visa.png */ = {isa = PBXFileReference; lastKnownFileType = image.png; name = wp_ic_visa.png; path = Resources/wp_ic_visa.png; sourceTree = "<group>"; };
		A59C289F2215B36400610B6C /* wp_ic_mastercard.png */ = {isa = PBXFileReference; lastKnownFileType = image.png; name = wp_ic_mastercard.png; path = Resources/wp_ic_mastercard.png; sourceTree = "<group>"; };
		A59C28A02215B36400610B6C /* wp_ic_lockW@2x.png */ = {isa = PBXFileReference; lastKnownFileType = image.png; name = "wp_ic_lockW@2x.png"; path = "Resources/wp_ic_lockW@2x.png"; sourceTree = "<group>"; };
		A59C28A12215B36400610B6C /* wp_ic_lockB.png */ = {isa = PBXFileReference; lastKnownFileType = image.png; name = wp_ic_lockB.png; path = Resources/wp_ic_lockB.png; sourceTree = "<group>"; };
		A59C28A22215B36400610B6C /* wp_ic_visa@2x.png */ = {isa = PBXFileReference; lastKnownFileType = image.png; name = "wp_ic_visa@2x.png"; path = "Resources/wp_ic_visa@2x.png"; sourceTree = "<group>"; };
		A59C28A42215B36500610B6C /* wp_ic_diners@3x.png */ = {isa = PBXFileReference; lastKnownFileType = image.png; name = "wp_ic_diners@3x.png"; path = "Resources/wp_ic_diners@3x.png"; sourceTree = "<group>"; };
		A59C28A52215B36500610B6C /* wp_ic_masterpass@2x.png */ = {isa = PBXFileReference; lastKnownFileType = image.png; name = "wp_ic_masterpass@2x.png"; path = "Resources/wp_ic_masterpass@2x.png"; sourceTree = "<group>"; };
		A59C28A62215B36500610B6C /* wp_ic_lockW.png */ = {isa = PBXFileReference; lastKnownFileType = image.png; name = wp_ic_lockW.png; path = Resources/wp_ic_lockW.png; sourceTree = "<group>"; };
		A59C28A72215B36500610B6C /* wp_ic_diners.png */ = {isa = PBXFileReference; lastKnownFileType = image.png; name = wp_ic_diners.png; path = Resources/wp_ic_diners.png; sourceTree = "<group>"; };
		A59C28A82215B36500610B6C /* wp_ic_maestro@3x.png */ = {isa = PBXFileReference; lastKnownFileType = image.png; name = "wp_ic_maestro@3x.png"; path = "Resources/wp_ic_maestro@3x.png"; sourceTree = "<group>"; };
		A59C28A92215B36500610B6C /* wp_ic_visa_checkout@3x.png */ = {isa = PBXFileReference; lastKnownFileType = image.png; name = "wp_ic_visa_checkout@3x.png"; path = "Resources/wp_ic_visa_checkout@3x.png"; sourceTree = "<group>"; };
		A59C28AA2215B36500610B6C /* wp_ic_jcb.png */ = {isa = PBXFileReference; lastKnownFileType = image.png; name = wp_ic_jcb.png; path = Resources/wp_ic_jcb.png; sourceTree = "<group>"; };
		A59C28AB2215B36500610B6C /* wp_ic_visa@3x.png */ = {isa = PBXFileReference; lastKnownFileType = image.png; name = "wp_ic_visa@3x.png"; path = "Resources/wp_ic_visa@3x.png"; sourceTree = "<group>"; };
		A59C28AC2215B36500610B6C /* wp_ic_jcb@2x.png */ = {isa = PBXFileReference; lastKnownFileType = image.png; name = "wp_ic_jcb@2x.png"; path = "Resources/wp_ic_jcb@2x.png"; sourceTree = "<group>"; };
		A59C28AD2215B36600610B6C /* wp_ic_back_arrow@3x.png */ = {isa = PBXFileReference; lastKnownFileType = image.png; name = "wp_ic_back_arrow@3x.png"; path = "Resources/wp_ic_back_arrow@3x.png"; sourceTree = "<group>"; };
		A59C28AE2215B36600610B6C /* wp_ic_mastercard@2x.png */ = {isa = PBXFileReference; lastKnownFileType = image.png; name = "wp_ic_mastercard@2x.png"; path = "Resources/wp_ic_mastercard@2x.png"; sourceTree = "<group>"; };
		A59C28B12215B36600610B6C /* wp_ic_laser@3x.png */ = {isa = PBXFileReference; lastKnownFileType = image.png; name = "wp_ic_laser@3x.png"; path = "Resources/wp_ic_laser@3x.png"; sourceTree = "<group>"; };
		A59C28B32215B36600610B6C /* wp_ic_amex@3x.png */ = {isa = PBXFileReference; lastKnownFileType = image.png; name = "wp_ic_amex@3x.png"; path = "Resources/wp_ic_amex@3x.png"; sourceTree = "<group>"; };
		A59C28E72216D56F00610B6C /* WorldpayResourcesManager.h */ = {isa = PBXFileReference; lastKnownFileType = sourcecode.c.h; path = WorldpayResourcesManager.h; sourceTree = "<group>"; };
		A59C28E82216D56F00610B6C /* WorldpayResourcesManager.m */ = {isa = PBXFileReference; lastKnownFileType = sourcecode.c.objc; path = WorldpayResourcesManager.m; sourceTree = "<group>"; };
		A59C28ED2216DC6200610B6C /* WorldpayConstants.h */ = {isa = PBXFileReference; lastKnownFileType = sourcecode.c.h; path = WorldpayConstants.h; sourceTree = "<group>"; };
		A934A0890DB3A3D26BF0DBE5 /* Pods.release.xcconfig */ = {isa = PBXFileReference; includeInIndex = 1; lastKnownFileType = text.xcconfig; name = Pods.release.xcconfig; path = "Pods/Target Support Files/Pods/Pods.release.xcconfig"; sourceTree = "<group>"; };
		AE8512D1CF00E59D921E7064 /* Pods_Worldpay.framework */ = {isa = PBXFileReference; explicitFileType = wrapper.framework; includeInIndex = 0; path = Pods_Worldpay.framework; sourceTree = BUILT_PRODUCTS_DIR; };
		C2F7362E68B3854D12F9ADC1 /* libPods.a */ = {isa = PBXFileReference; explicitFileType = archive.ar; includeInIndex = 0; path = libPods.a; sourceTree = BUILT_PRODUCTS_DIR; };
		CAADCDD3904E756756F7E27A /* Pods-Worldpay.release.xcconfig */ = {isa = PBXFileReference; includeInIndex = 1; lastKnownFileType = text.xcconfig; name = "Pods-Worldpay.release.xcconfig"; path = "Pods/Target Support Files/Pods-Worldpay/Pods-Worldpay.release.xcconfig"; sourceTree = "<group>"; };
		F0C18CE34C230F04EDC4883D /* Pods-Worldpay.debug.xcconfig */ = {isa = PBXFileReference; includeInIndex = 1; lastKnownFileType = text.xcconfig; name = "Pods-Worldpay.debug.xcconfig"; path = "Pods/Target Support Files/Pods-Worldpay/Pods-Worldpay.debug.xcconfig"; sourceTree = "<group>"; };
/* End PBXFileReference section */

/* Begin PBXFrameworksBuildPhase section */
		597077A81993999A002651A7 /* Frameworks */ = {
			isa = PBXFrameworksBuildPhase;
			buildActionMask = 2147483647;
			files = (
				597077AD1993999A002651A7 /* CoreFoundation.framework in Frameworks */,
			);
			runOnlyForDeploymentPostprocessing = 0;
		};
		7EF710721976B8B800F7DC51 /* Frameworks */ = {
			isa = PBXFrameworksBuildPhase;
			buildActionMask = 2147483647;
			files = (
				59670F361A24ED4C001DA3F3 /* CoreText.framework in Frameworks */,
				7EF710791976B8B800F7DC51 /* Foundation.framework in Frameworks */,
				B2B16E8DB17B41DEE9958DB8 /* Pods_Worldpay.framework in Frameworks */,
			);
			runOnlyForDeploymentPostprocessing = 0;
		};
		7EF710821976B8B800F7DC51 /* Frameworks */ = {
			isa = PBXFrameworksBuildPhase;
			buildActionMask = 2147483647;
			files = (
				7EF7108D1976B8B800F7DC51 /* libWorldpay.a in Frameworks */,
				7EF710881976B8B800F7DC51 /* Foundation.framework in Frameworks */,
			);
			runOnlyForDeploymentPostprocessing = 0;
		};
/* End PBXFrameworksBuildPhase section */

/* Begin PBXGroup section */
		597077AE1993999A002651A7 /* WorldpayResources */ = {
			isa = PBXGroup;
			children = (
				597077AF1993999A002651A7 /* Supporting Files */,
			);
			path = WorldpayResources;
			sourceTree = "<group>";
		};
		597077AF1993999A002651A7 /* Supporting Files */ = {
			isa = PBXGroup;
			children = (
				597077B01993999A002651A7 /* WorldpayResources-Info.plist */,
				597077B11993999A002651A7 /* InfoPlist.strings */,
				597077B41993999A002651A7 /* WorldpayResources-Prefix.pch */,
			);
			name = "Supporting Files";
			sourceTree = "<group>";
		};
		59E902A31A2C7F2D00BBE8B5 /* en.lproj */ = {
			isa = PBXGroup;
			children = (
				59E902A41A2C7F2D00BBE8B5 /* Localizable.strings */,
			);
			path = en.lproj;
			sourceTree = "<group>";
		};
		5AC8C6841BDE2827006F1F78 /* APM */ = {
			isa = PBXGroup;
			children = (
				5A8BC2BF1BDA2A8500FFBED0 /* APMController.h */,
				5A8BC2BD1BDA2A3200FFBED0 /* APMController.m */,
				5A8BC2B81BD8DBDF00FFBED0 /* WorldpayAPMViewController.h */,
				5A8BC2B91BD8DBDF00FFBED0 /* WorldpayAPMViewController.m */,
			);
			name = APM;
			sourceTree = "<group>";
		};
		5AC8C6851BDE283D006F1F78 /* 3DS */ = {
			isa = PBXGroup;
			children = (
				5A8BC2C71BDA9DD600FFBED0 /* ThreeDSController.h */,
				5A8BC2C81BDA9DD600FFBED0 /* ThreeDSController.m */,
			);
			name = 3DS;
			sourceTree = "<group>";
		};
		5AC8C6861BDE2BE0006F1F78 /* Card */ = {
			isa = PBXGroup;
			children = (
				7EEBCC21197E59BB00DBEA7C /* WorldpayCardViewController.h */,
				7EEBCC22197E59BB00DBEA7C /* WorldpayCardViewController.m */,
			);
			name = Card;
			sourceTree = "<group>";
		};
		5AC8C6871BDE2BF2006F1F78 /* ApplePay */ = {
			isa = PBXGroup;
			children = (
				59FE0F741A71601D00691C1F /* Worldpay+ApplePay.h */,
				59FE0F751A71601D00691C1F /* Worldpay+ApplePay.m */,
			);
			name = ApplePay;
			sourceTree = "<group>";
		};
		7E00CE7B198B77F100C34D6A /* Resources */ = {
			isa = PBXGroup;
			children = (
				7E3F08761977C889008DC3E0 /* images */,
			);
			name = Resources;
			sourceTree = "<group>";
		};
		7E3F08761977C889008DC3E0 /* images */ = {
			isa = PBXGroup;
			children = (
				A59C28892215B36300610B6C /* poweredByWorldPay.png */,
				A59C28972215B36300610B6C /* wp_ic_amex.png */,
				A59C288B2215B36300610B6C /* wp_ic_amex@2x.png */,
				A59C28B32215B36600610B6C /* wp_ic_amex@3x.png */,
				A59C289B2215B36400610B6C /* wp_ic_back_arrow.png */,
				A59C288E2215B36300610B6C /* wp_ic_back_arrow@2x.png */,
				A59C28AD2215B36600610B6C /* wp_ic_back_arrow@3x.png */,
				A59C289C2215B36400610B6C /* wp_ic_default_card.png */,
				A59C289D2215B36400610B6C /* wp_ic_default_card@2x.png */,
				A59C28A72215B36500610B6C /* wp_ic_diners.png */,
				A59C28912215B36300610B6C /* wp_ic_diners@2x.png */,
				A59C28A42215B36500610B6C /* wp_ic_diners@3x.png */,
				A59C28AA2215B36500610B6C /* wp_ic_jcb.png */,
				A59C28AC2215B36500610B6C /* wp_ic_jcb@2x.png */,
				A59C28952215B36300610B6C /* wp_ic_jcb@3x.png */,
				A59C288A2215B36300610B6C /* wp_ic_laser.png */,
				A59C28942215B36300610B6C /* wp_ic_laser@2x.png */,
				A59C28B12215B36600610B6C /* wp_ic_laser@3x.png */,
				A59C28A12215B36400610B6C /* wp_ic_lockB.png */,
				A59C288C2215B36300610B6C /* wp_ic_lockB@2x.png */,
				A59C28922215B36300610B6C /* wp_ic_lockB@3x.png */,
				A59C28A62215B36500610B6C /* wp_ic_lockW.png */,
				A59C28A02215B36400610B6C /* wp_ic_lockW@2x.png */,
				A59C288D2215B36300610B6C /* wp_ic_lockW@3x.png */,
				A59C28982215B36400610B6C /* wp_ic_maestro.png */,
				A59C28992215B36400610B6C /* wp_ic_maestro@2x.png */,
				A59C28A82215B36500610B6C /* wp_ic_maestro@3x.png */,
				A59C289F2215B36400610B6C /* wp_ic_mastercard.png */,
				A59C28AE2215B36600610B6C /* wp_ic_mastercard@2x.png */,
				A59C288F2215B36300610B6C /* wp_ic_mastercard@3x.png */,
				A59C289A2215B36400610B6C /* wp_ic_masterpass.png */,
				A59C28A52215B36500610B6C /* wp_ic_masterpass@2x.png */,
				A59C28902215B36300610B6C /* wp_ic_masterpass@3x.png */,
				A59C28932215B36300610B6C /* wp_ic_visa_checkout.png */,
				A59C28882215B36300610B6C /* wp_ic_visa_checkout@2x.png */,
				A59C28A92215B36500610B6C /* wp_ic_visa_checkout@3x.png */,
				A59C289E2215B36400610B6C /* wp_ic_visa.png */,
				A59C28A22215B36400610B6C /* wp_ic_visa@2x.png */,
				A59C28AB2215B36500610B6C /* wp_ic_visa@3x.png */,
			);
			name = images;
			sourceTree = "<group>";
		};
		7EF7106C1976B8B800F7DC51 = {
			isa = PBXGroup;
			children = (
				7E00CE7B198B77F100C34D6A /* Resources */,
				7EF7107A1976B8B800F7DC51 /* Worldpay */,
				7EF7108E1976B8B800F7DC51 /* WorldpayTests */,
				597077AE1993999A002651A7 /* WorldpayResources */,
				7EF710771976B8B800F7DC51 /* Frameworks */,
				7EF710761976B8B800F7DC51 /* Products */,
				EC13089FEE45848175714BB1 /* Pods */,
			);
			sourceTree = "<group>";
		};
		7EF710761976B8B800F7DC51 /* Products */ = {
			isa = PBXGroup;
			children = (
				7EF710751976B8B800F7DC51 /* libWorldpay.a */,
				7EF710851976B8B800F7DC51 /* WorldpayTests.xctest */,
				597077AB1993999A002651A7 /* WorldpayResources.bundle */,
			);
			name = Products;
			sourceTree = "<group>";
		};
		7EF710771976B8B800F7DC51 /* Frameworks */ = {
			isa = PBXGroup;
			children = (
				59670F351A24ED4C001DA3F3 /* CoreText.framework */,
				7EF710781976B8B800F7DC51 /* Foundation.framework */,
				597077AC1993999A002651A7 /* CoreFoundation.framework */,
				C2F7362E68B3854D12F9ADC1 /* libPods.a */,
				AE8512D1CF00E59D921E7064 /* Pods_Worldpay.framework */,
			);
			name = Frameworks;
			sourceTree = "<group>";
		};
		7EF7107A1976B8B800F7DC51 /* Worldpay */ = {
			isa = PBXGroup;
			children = (
				A59C28E62216D55900610B6C /* Managers */,
				5AC8C6871BDE2BF2006F1F78 /* ApplePay */,
				5AC8C6861BDE2BE0006F1F78 /* Card */,
				5AC8C6851BDE283D006F1F78 /* 3DS */,
				5AC8C6841BDE2827006F1F78 /* APM */,
				7EF7107D1976B8B800F7DC51 /* Worldpay.h */,
				7EF7107F1976B8B800F7DC51 /* Worldpay.m */,
				A59C28ED2216DC6200610B6C /* WorldpayConstants.h */,
				59243DED1A26144E005F900B /* WorldpayUtils.h */,
				59243DEE1A26144E005F900B /* WorldpayUtils.m */,
				7EF7107B1976B8B800F7DC51 /* Supporting Files */,
			);
			path = Worldpay;
			sourceTree = "<group>";
		};
		7EF7107B1976B8B800F7DC51 /* Supporting Files */ = {
			isa = PBXGroup;
			children = (
				59E902A31A2C7F2D00BBE8B5 /* en.lproj */,
				7EF7107C1976B8B800F7DC51 /* Worldpay-Prefix.pch */,
			);
			name = "Supporting Files";
			sourceTree = "<group>";
		};
		7EF7108E1976B8B800F7DC51 /* WorldpayTests */ = {
			isa = PBXGroup;
			children = (
				7EF7108F1976B8B800F7DC51 /* Supporting Files */,
				7EF710941976B8B800F7DC51 /* WorldpayTests.m */,
				5929C5211A717D8A00BAB6D8 /* WorldpayApplePayTests.m */,
			);
			path = WorldpayTests;
			sourceTree = "<group>";
		};
		7EF7108F1976B8B800F7DC51 /* Supporting Files */ = {
			isa = PBXGroup;
			children = (
				7EF710901976B8B800F7DC51 /* WorldpayTests-Info.plist */,
				7EF710911976B8B800F7DC51 /* InfoPlist.strings */,
			);
			name = "Supporting Files";
			sourceTree = "<group>";
		};
		A59C28E62216D55900610B6C /* Managers */ = {
			isa = PBXGroup;
			children = (
				A59C28E72216D56F00610B6C /* WorldpayResourcesManager.h */,
				A59C28E82216D56F00610B6C /* WorldpayResourcesManager.m */,
			);
			name = Managers;
			sourceTree = "<group>";
		};
		EC13089FEE45848175714BB1 /* Pods */ = {
			isa = PBXGroup;
			children = (
				6D1C2B8E83D580151CB88A7E /* Pods.debug.xcconfig */,
				A934A0890DB3A3D26BF0DBE5 /* Pods.release.xcconfig */,
				F0C18CE34C230F04EDC4883D /* Pods-Worldpay.debug.xcconfig */,
				CAADCDD3904E756756F7E27A /* Pods-Worldpay.release.xcconfig */,
			);
			name = Pods;
			sourceTree = "<group>";
		};
/* End PBXGroup section */

/* Begin PBXNativeTarget section */
		597077AA1993999A002651A7 /* WorldpayResources */ = {
			isa = PBXNativeTarget;
			buildConfigurationList = 597077B71993999A002651A7 /* Build configuration list for PBXNativeTarget "WorldpayResources" */;
			buildPhases = (
				597077A71993999A002651A7 /* Sources */,
				597077A81993999A002651A7 /* Frameworks */,
				597077A91993999A002651A7 /* Resources */,
			);
			buildRules = (
			);
			dependencies = (
			);
			name = WorldpayResources;
			productName = WorldpayResources;
			productReference = 597077AB1993999A002651A7 /* WorldpayResources.bundle */;
			productType = "com.apple.product-type.bundle";
		};
		7EF710741976B8B800F7DC51 /* Worldpay */ = {
			isa = PBXNativeTarget;
			buildConfigurationList = 7EF710981976B8B800F7DC51 /* Build configuration list for PBXNativeTarget "Worldpay" */;
			buildPhases = (
				3945E0155EA94C1743AFFE4E /* [CP] Check Pods Manifest.lock */,
				CB169F3934799FA669FBF989 /* Check Pods Manifest.lock */,
				7EF710711976B8B800F7DC51 /* Sources */,
				7EF710721976B8B800F7DC51 /* Frameworks */,
				7EF710731976B8B800F7DC51 /* CopyFiles */,
			);
			buildRules = (
			);
			dependencies = (
			);
			name = Worldpay;
			productName = Worldpay;
			productReference = 7EF710751976B8B800F7DC51 /* libWorldpay.a */;
			productType = "com.apple.product-type.library.static";
		};
		7EF710841976B8B800F7DC51 /* WorldpayTests */ = {
			isa = PBXNativeTarget;
			buildConfigurationList = 7EF7109B1976B8B800F7DC51 /* Build configuration list for PBXNativeTarget "WorldpayTests" */;
			buildPhases = (
				7EF710811976B8B800F7DC51 /* Sources */,
				7EF710821976B8B800F7DC51 /* Frameworks */,
				7EF710831976B8B800F7DC51 /* Resources */,
			);
			buildRules = (
			);
			dependencies = (
				7EF7108C1976B8B800F7DC51 /* PBXTargetDependency */,
			);
			name = WorldpayTests;
			productName = WorldpayTests;
			productReference = 7EF710851976B8B800F7DC51 /* WorldpayTests.xctest */;
			productType = "com.apple.product-type.bundle.unit-test";
		};
/* End PBXNativeTarget section */

/* Begin PBXProject section */
		7EF7106D1976B8B800F7DC51 /* Project object */ = {
			isa = PBXProject;
			attributes = {
				LastUpgradeCheck = 0930;
				ORGANIZATIONNAME = Worldpay;
			};
			buildConfigurationList = 7EF710701976B8B800F7DC51 /* Build configuration list for PBXProject "Worldpay" */;
			compatibilityVersion = "Xcode 8.0";
			developmentRegion = English;
			hasScannedForEncodings = 0;
			knownRegions = (
				en,
			);
			mainGroup = 7EF7106C1976B8B800F7DC51;
			productRefGroup = 7EF710761976B8B800F7DC51 /* Products */;
			projectDirPath = "";
			projectRoot = "";
			targets = (
				7EF710741976B8B800F7DC51 /* Worldpay */,
				7EF710841976B8B800F7DC51 /* WorldpayTests */,
				597077AA1993999A002651A7 /* WorldpayResources */,
				7EF710AD1976BA4600F7DC51 /* UniversalLib */,
			);
		};
/* End PBXProject section */

/* Begin PBXResourcesBuildPhase section */
		597077A91993999A002651A7 /* Resources */ = {
			isa = PBXResourcesBuildPhase;
			buildActionMask = 2147483647;
			files = (
				A59C28BB2215B36700610B6C /* wp_ic_back_arrow@2x.png in Resources */,
				A59C28CC2215B36700610B6C /* wp_ic_mastercard.png in Resources */,
				A59C28B52215B36700610B6C /* wp_ic_visa_checkout@2x.png in Resources */,
				A59C28BC2215B36700610B6C /* wp_ic_mastercard@3x.png in Resources */,
				A59C28B62215B36700610B6C /* poweredByWorldPay.png in Resources */,
				A59C28BF2215B36700610B6C /* wp_ic_lockB@3x.png in Resources */,
				A59C28D42215B36700610B6C /* wp_ic_diners.png in Resources */,
				A59C28CB2215B36700610B6C /* wp_ic_visa.png in Resources */,
				A59C28E02215B36700610B6C /* wp_ic_amex@3x.png in Resources */,
				A59C28D12215B36700610B6C /* wp_ic_diners@3x.png in Resources */,
				A59C28C62215B36700610B6C /* wp_ic_maestro@2x.png in Resources */,
				A59C28B72215B36700610B6C /* wp_ic_laser.png in Resources */,
				A59C28CA2215B36700610B6C /* wp_ic_default_card@2x.png in Resources */,
				A59C28BD2215B36700610B6C /* wp_ic_masterpass@3x.png in Resources */,
				A59C28C82215B36700610B6C /* wp_ic_back_arrow.png in Resources */,
				A59C28CD2215B36700610B6C /* wp_ic_lockW@2x.png in Resources */,
				A59C28CE2215B36700610B6C /* wp_ic_lockB.png in Resources */,
				A59C28D62215B36700610B6C /* wp_ic_visa_checkout@3x.png in Resources */,
				A59C28B92215B36700610B6C /* wp_ic_lockB@2x.png in Resources */,
				A59C28C42215B36700610B6C /* wp_ic_amex.png in Resources */,
				A59C28C02215B36700610B6C /* wp_ic_visa_checkout.png in Resources */,
				A59C28D82215B36700610B6C /* wp_ic_visa@3x.png in Resources */,
				A59C28D32215B36700610B6C /* wp_ic_lockW.png in Resources */,
				A59C28C22215B36700610B6C /* wp_ic_jcb@3x.png in Resources */,
				A59C28DA2215B36700610B6C /* wp_ic_back_arrow@3x.png in Resources */,
				A59C28D52215B36700610B6C /* wp_ic_maestro@3x.png in Resources */,
				A59C28D72215B36700610B6C /* wp_ic_jcb.png in Resources */,
				A59C28B82215B36700610B6C /* wp_ic_amex@2x.png in Resources */,
				597077B31993999A002651A7 /* InfoPlist.strings in Resources */,
				A59C28BA2215B36700610B6C /* wp_ic_lockW@3x.png in Resources */,
				A59C28D92215B36700610B6C /* wp_ic_jcb@2x.png in Resources */,
				A59C28C52215B36700610B6C /* wp_ic_maestro.png in Resources */,
				A59C28DE2215B36700610B6C /* wp_ic_laser@3x.png in Resources */,
				A59C28CF2215B36700610B6C /* wp_ic_visa@2x.png in Resources */,
				A59C28BE2215B36700610B6C /* wp_ic_diners@2x.png in Resources */,
				A59C28C92215B36700610B6C /* wp_ic_default_card.png in Resources */,
				A59C28DB2215B36700610B6C /* wp_ic_mastercard@2x.png in Resources */,
				A59C28C12215B36700610B6C /* wp_ic_laser@2x.png in Resources */,
				A59C28D22215B36700610B6C /* wp_ic_masterpass@2x.png in Resources */,
				A59C28C72215B36700610B6C /* wp_ic_masterpass.png in Resources */,
			);
			runOnlyForDeploymentPostprocessing = 0;
		};
		7EF710831976B8B800F7DC51 /* Resources */ = {
			isa = PBXResourcesBuildPhase;
			buildActionMask = 2147483647;
			files = (
				7EF710931976B8B800F7DC51 /* InfoPlist.strings in Resources */,
			);
			runOnlyForDeploymentPostprocessing = 0;
		};
/* End PBXResourcesBuildPhase section */

/* Begin PBXShellScriptBuildPhase section */
		3945E0155EA94C1743AFFE4E /* [CP] Check Pods Manifest.lock */ = {
			isa = PBXShellScriptBuildPhase;
			buildActionMask = 2147483647;
			files = (
			);
			inputPaths = (
				"${PODS_PODFILE_DIR_PATH}/Podfile.lock",
				"${PODS_ROOT}/Manifest.lock",
			);
			name = "[CP] Check Pods Manifest.lock";
			outputPaths = (
				"$(DERIVED_FILE_DIR)/Pods-Worldpay-checkManifestLockResult.txt",
			);
			runOnlyForDeploymentPostprocessing = 0;
			shellPath = /bin/sh;
			shellScript = "diff \"${PODS_PODFILE_DIR_PATH}/Podfile.lock\" \"${PODS_ROOT}/Manifest.lock\" > /dev/null\nif [ $? != 0 ] ; then\n    # print error to STDERR\n    echo \"error: The sandbox is not in sync with the Podfile.lock. Run 'pod install' or update your CocoaPods installation.\" >&2\n    exit 1\nfi\n# This output is used by Xcode 'outputs' to avoid re-running this script phase.\necho \"SUCCESS\" > \"${SCRIPT_OUTPUT_FILE_0}\"\n";
			showEnvVarsInLog = 0;
		};
		7EF710B31976BB1400F7DC51 /* ShellScript */ = {
			isa = PBXShellScriptBuildPhase;
			buildActionMask = 2147483647;
			files = (
			);
			inputPaths = (
			);
			outputPaths = (
			);
			runOnlyForDeploymentPostprocessing = 0;
			shellPath = /bin/sh;
			shellScript = "# define output folder environment variable\nUNIVERSAL_OUTPUTFOLDER=${BUILD_DIR}${CONFIGURATION}-universal\n\nrm -rf \"${UNIVERSAL_OUTPUTFOLDER}\"\n\n# make sure the output directory exists\nmkdir -p \"${UNIVERSAL_OUTPUTFOLDER}\"\n\n# Step 2. Create universal binary file using lipo\nlipo -create -output \"${UNIVERSAL_OUTPUTFOLDER}/lib${PROJECT_NAME}.a\" \"${BUILD_DIR}/${CONFIGURATION}-iphoneos/lib${PROJECT_NAME}.a\" \"${BUILD_DIR}/${CONFIGURATION}-iphonesimulator/lib${PROJECT_NAME}.a\"\n\n# Last touch. copy the header files. Just for convenience\ncp -R \"${BUILD_DIR}/${CONFIGURATION}-iphoneos/include/Worldpay\" \"${UNIVERSAL_OUTPUTFOLDER}/\"\n\nrm -rf \"./output\"\n\nmkdir -p \"./output/Worldpay/Include\"\n\ncp \"${UNIVERSAL_OUTPUTFOLDER}/libWorldpay.a\" \"./output/Worldpay\"\ncp -R ${UNIVERSAL_OUTPUTFOLDER}/Worldpay/ \"./output/Worldpay/Include\"\n\n";
		};
		CB169F3934799FA669FBF989 /* Check Pods Manifest.lock */ = {
			isa = PBXShellScriptBuildPhase;
			buildActionMask = 2147483647;
			files = (
			);
			inputPaths = (
			);
			name = "Check Pods Manifest.lock";
			outputPaths = (
			);
			runOnlyForDeploymentPostprocessing = 0;
			shellPath = /bin/sh;
			shellScript = "diff \"${PODS_ROOT}/../Podfile.lock\" \"${PODS_ROOT}/Manifest.lock\" > /dev/null\nif [[ $? != 0 ]] ; then\n    cat << EOM\nerror: The sandbox is not in sync with the Podfile.lock. Run 'pod install' or update your CocoaPods installation.\nEOM\n    exit 1\nfi\n";
			showEnvVarsInLog = 0;
		};
/* End PBXShellScriptBuildPhase section */

/* Begin PBXSourcesBuildPhase section */
		597077A71993999A002651A7 /* Sources */ = {
			isa = PBXSourcesBuildPhase;
			buildActionMask = 2147483647;
			files = (
			);
			runOnlyForDeploymentPostprocessing = 0;
		};
		7EF710711976B8B800F7DC51 /* Sources */ = {
			isa = PBXSourcesBuildPhase;
			buildActionMask = 2147483647;
			files = (
				5A8BC2BB1BD8DBDF00FFBED0 /* WorldpayAPMViewController.m in Sources */,
				5957D19D1A71839500D7A99F /* Worldpay+ApplePay.m in Sources */,
				7EEBCC24197E59BB00DBEA7C /* WorldpayCardViewController.m in Sources */,
				A59C28E92216D56F00610B6C /* WorldpayResourcesManager.m in Sources */,
				7EF710801976B8B800F7DC51 /* Worldpay.m in Sources */,
				5A8BC2CA1BDA9DD600FFBED0 /* ThreeDSController.m in Sources */,
				5A8BC2BE1BDA2A3200FFBED0 /* APMController.m in Sources */,
				59243DEF1A26144E005F900B /* WorldpayUtils.m in Sources */,
			);
			runOnlyForDeploymentPostprocessing = 0;
		};
		7EF710811976B8B800F7DC51 /* Sources */ = {
			isa = PBXSourcesBuildPhase;
			buildActionMask = 2147483647;
			files = (
				7EF710951976B8B800F7DC51 /* WorldpayTests.m in Sources */,
				5929C5221A717D8A00BAB6D8 /* WorldpayApplePayTests.m in Sources */,
			);
			runOnlyForDeploymentPostprocessing = 0;
		};
/* End PBXSourcesBuildPhase section */

/* Begin PBXTargetDependency section */
		7EF7108C1976B8B800F7DC51 /* PBXTargetDependency */ = {
			isa = PBXTargetDependency;
			target = 7EF710741976B8B800F7DC51 /* Worldpay */;
			targetProxy = 7EF7108B1976B8B800F7DC51 /* PBXContainerItemProxy */;
		};
		A5D2346E2088CBD40079B644 /* PBXTargetDependency */ = {
			isa = PBXTargetDependency;
			target = 7EF710741976B8B800F7DC51 /* Worldpay */;
			targetProxy = A5D2346D2088CBD40079B644 /* PBXContainerItemProxy */;
		};
		A5D234702088CBD40079B644 /* PBXTargetDependency */ = {
			isa = PBXTargetDependency;
			target = 597077AA1993999A002651A7 /* WorldpayResources */;
			targetProxy = A5D2346F2088CBD40079B644 /* PBXContainerItemProxy */;
		};
/* End PBXTargetDependency section */

/* Begin PBXVariantGroup section */
		597077B11993999A002651A7 /* InfoPlist.strings */ = {
			isa = PBXVariantGroup;
			children = (
				597077B21993999A002651A7 /* en */,
			);
			name = InfoPlist.strings;
			sourceTree = "<group>";
		};
		59E902A41A2C7F2D00BBE8B5 /* Localizable.strings */ = {
			isa = PBXVariantGroup;
			children = (
				59E902A51A2C7F2D00BBE8B5 /* en */,
			);
			name = Localizable.strings;
			sourceTree = "<group>";
		};
		7EF710911976B8B800F7DC51 /* InfoPlist.strings */ = {
			isa = PBXVariantGroup;
			children = (
				7EF710921976B8B800F7DC51 /* en */,
			);
			name = InfoPlist.strings;
			sourceTree = "<group>";
		};
/* End PBXVariantGroup section */

/* Begin XCBuildConfiguration section */
		597077B51993999A002651A7 /* Debug */ = {
			isa = XCBuildConfiguration;
			buildSettings = {
				COMBINE_HIDPI_IMAGES = YES;
				CREATE_INFOPLIST_SECTION_IN_BINARY = NO;
				GCC_ENABLE_OBJC_EXCEPTIONS = YES;
				GCC_PRECOMPILE_PREFIX_HEADER = YES;
				GCC_PREFIX_HEADER = "WorldpayResources/WorldpayResources-Prefix.pch";
				GCC_PREPROCESSOR_DEFINITIONS = (
					"DEBUG=1",
					"$(inherited)",
				);
				INFOPLIST_FILE = "WorldpayResources/WorldpayResources-Info.plist";
				INFOPLIST_PREPROCESS = NO;
				INSTALL_PATH = "$(LOCAL_LIBRARY_DIR)/Bundles";
				PRODUCT_BUNDLE_IDENTIFIER = "com.${PRODUCT_NAME:rfc1034identifier}";
				PRODUCT_NAME = "$(TARGET_NAME)";
				WRAPPER_EXTENSION = bundle;
			};
			name = Debug;
		};
		597077B61993999A002651A7 /* Release */ = {
			isa = XCBuildConfiguration;
			buildSettings = {
				COMBINE_HIDPI_IMAGES = YES;
				CREATE_INFOPLIST_SECTION_IN_BINARY = NO;
				GCC_ENABLE_OBJC_EXCEPTIONS = YES;
				GCC_PRECOMPILE_PREFIX_HEADER = YES;
				GCC_PREFIX_HEADER = "WorldpayResources/WorldpayResources-Prefix.pch";
				INFOPLIST_FILE = "WorldpayResources/WorldpayResources-Info.plist";
				INFOPLIST_PREPROCESS = NO;
				INSTALL_PATH = "$(LOCAL_LIBRARY_DIR)/Bundles";
				PRODUCT_BUNDLE_IDENTIFIER = "com.${PRODUCT_NAME:rfc1034identifier}";
				PRODUCT_NAME = "$(TARGET_NAME)";
				WRAPPER_EXTENSION = bundle;
			};
			name = Release;
		};
		7EF710961976B8B800F7DC51 /* Debug */ = {
			isa = XCBuildConfiguration;
			buildSettings = {
				ALWAYS_SEARCH_USER_PATHS = NO;
				CLANG_CXX_LANGUAGE_STANDARD = "gnu++17";
				CLANG_CXX_LIBRARY = "libc++";
				CLANG_ENABLE_MODULES = YES;
				CLANG_ENABLE_OBJC_ARC = YES;
				CLANG_WARN_BLOCK_CAPTURE_AUTORELEASING = YES;
				CLANG_WARN_BOOL_CONVERSION = YES;
				CLANG_WARN_COMMA = YES;
				CLANG_WARN_CONSTANT_CONVERSION = YES;
				CLANG_WARN_DEPRECATED_OBJC_IMPLEMENTATIONS = YES;
				CLANG_WARN_DIRECT_OBJC_ISA_USAGE = YES_ERROR;
				CLANG_WARN_EMPTY_BODY = YES;
				CLANG_WARN_ENUM_CONVERSION = YES;
				CLANG_WARN_INFINITE_RECURSION = YES;
				CLANG_WARN_INT_CONVERSION = YES;
				CLANG_WARN_NON_LITERAL_NULL_CONVERSION = YES;
				CLANG_WARN_OBJC_IMPLICIT_RETAIN_SELF = YES;
				CLANG_WARN_OBJC_LITERAL_CONVERSION = YES;
				CLANG_WARN_OBJC_ROOT_CLASS = YES_ERROR;
				CLANG_WARN_RANGE_LOOP_ANALYSIS = YES;
				CLANG_WARN_STRICT_PROTOTYPES = YES;
				CLANG_WARN_SUSPICIOUS_MOVE = YES;
				CLANG_WARN_UNREACHABLE_CODE = YES;
				CLANG_WARN__DUPLICATE_METHOD_MATCH = YES;
				COPY_PHASE_STRIP = NO;
				DEBUG_INFORMATION_FORMAT = dwarf;
				ENABLE_STRICT_OBJC_MSGSEND = YES;
				ENABLE_TESTABILITY = YES;
				GCC_C_LANGUAGE_STANDARD = gnu11;
				GCC_DYNAMIC_NO_PIC = NO;
				GCC_NO_COMMON_BLOCKS = YES;
				GCC_OPTIMIZATION_LEVEL = 0;
				GCC_PREPROCESSOR_DEFINITIONS = (
					"DEBUG=1",
					"$(inherited)",
				);
				GCC_SYMBOLS_PRIVATE_EXTERN = NO;
				GCC_WARN_64_TO_32_BIT_CONVERSION = YES;
				GCC_WARN_ABOUT_RETURN_TYPE = YES_ERROR;
				GCC_WARN_UNDECLARED_SELECTOR = YES;
				GCC_WARN_UNINITIALIZED_AUTOS = YES_AGGRESSIVE;
				GCC_WARN_UNUSED_FUNCTION = YES;
				GCC_WARN_UNUSED_VARIABLE = YES;
				IPHONEOS_DEPLOYMENT_TARGET = 9.0;
				ONLY_ACTIVE_ARCH = YES;
				OTHER_LDFLAGS = (
					"$(inherited)",
					"-lz",
				);
				SDKROOT = iphoneos;
			};
			name = Debug;
		};
		7EF710971976B8B800F7DC51 /* Release */ = {
			isa = XCBuildConfiguration;
			buildSettings = {
				ALWAYS_SEARCH_USER_PATHS = NO;
				CLANG_CXX_LANGUAGE_STANDARD = "gnu++17";
				CLANG_CXX_LIBRARY = "libc++";
				CLANG_ENABLE_MODULES = YES;
				CLANG_ENABLE_OBJC_ARC = YES;
				CLANG_WARN_BLOCK_CAPTURE_AUTORELEASING = YES;
				CLANG_WARN_BOOL_CONVERSION = YES;
				CLANG_WARN_COMMA = YES;
				CLANG_WARN_CONSTANT_CONVERSION = YES;
				CLANG_WARN_DEPRECATED_OBJC_IMPLEMENTATIONS = YES;
				CLANG_WARN_DIRECT_OBJC_ISA_USAGE = YES_ERROR;
				CLANG_WARN_EMPTY_BODY = YES;
				CLANG_WARN_ENUM_CONVERSION = YES;
				CLANG_WARN_INFINITE_RECURSION = YES;
				CLANG_WARN_INT_CONVERSION = YES;
				CLANG_WARN_NON_LITERAL_NULL_CONVERSION = YES;
				CLANG_WARN_OBJC_IMPLICIT_RETAIN_SELF = YES;
				CLANG_WARN_OBJC_LITERAL_CONVERSION = YES;
				CLANG_WARN_OBJC_ROOT_CLASS = YES_ERROR;
				CLANG_WARN_RANGE_LOOP_ANALYSIS = YES;
				CLANG_WARN_STRICT_PROTOTYPES = YES;
				CLANG_WARN_SUSPICIOUS_MOVE = YES;
				CLANG_WARN_UNREACHABLE_CODE = YES;
				CLANG_WARN__DUPLICATE_METHOD_MATCH = YES;
				COPY_PHASE_STRIP = YES;
				ENABLE_NS_ASSERTIONS = NO;
				ENABLE_STRICT_OBJC_MSGSEND = YES;
				GCC_C_LANGUAGE_STANDARD = gnu11;
				GCC_NO_COMMON_BLOCKS = YES;
				GCC_WARN_64_TO_32_BIT_CONVERSION = YES;
				GCC_WARN_ABOUT_RETURN_TYPE = YES_ERROR;
				GCC_WARN_UNDECLARED_SELECTOR = YES;
				GCC_WARN_UNINITIALIZED_AUTOS = YES_AGGRESSIVE;
				GCC_WARN_UNUSED_FUNCTION = YES;
				GCC_WARN_UNUSED_VARIABLE = YES;
				IPHONEOS_DEPLOYMENT_TARGET = 9.0;
				ONLY_ACTIVE_ARCH = NO;
				OTHER_LDFLAGS = (
					"$(inherited)",
					"-lz",
				);
				SDKROOT = iphoneos;
				VALIDATE_PRODUCT = YES;
			};
			name = Release;
		};
		7EF710991976B8B800F7DC51 /* Debug */ = {
			isa = XCBuildConfiguration;
			baseConfigurationReference = F0C18CE34C230F04EDC4883D /* Pods-Worldpay.debug.xcconfig */;
			buildSettings = {
				DSTROOT = /tmp/Worldpay.dst;
				GCC_ENABLE_OBJC_EXCEPTIONS = YES;
				GCC_PRECOMPILE_PREFIX_HEADER = YES;
				GCC_PREFIX_HEADER = "Worldpay/Worldpay-Prefix.pch";
				OTHER_LIBTOOLFLAGS = "$(inherited)";
				PRODUCT_NAME = "$(TARGET_NAME)";
				SKIP_INSTALL = YES;
			};
			name = Debug;
		};
		7EF7109A1976B8B800F7DC51 /* Release */ = {
			isa = XCBuildConfiguration;
			baseConfigurationReference = CAADCDD3904E756756F7E27A /* Pods-Worldpay.release.xcconfig */;
			buildSettings = {
				DSTROOT = /tmp/Worldpay.dst;
				GCC_ENABLE_OBJC_EXCEPTIONS = YES;
				GCC_PRECOMPILE_PREFIX_HEADER = YES;
				GCC_PREFIX_HEADER = "Worldpay/Worldpay-Prefix.pch";
				OTHER_LIBTOOLFLAGS = "$(inherited)";
				PRODUCT_NAME = "$(TARGET_NAME)";
				SKIP_INSTALL = YES;
			};
			name = Release;
		};
		7EF7109C1976B8B800F7DC51 /* Debug */ = {
			isa = XCBuildConfiguration;
			buildSettings = {
				FRAMEWORK_SEARCH_PATHS = "$(BUILT_PRODUCTS_DIR)/AFNetworking";
				GCC_PRECOMPILE_PREFIX_HEADER = YES;
				GCC_PREFIX_HEADER = "Worldpay/Worldpay-Prefix.pch";
				GCC_PREPROCESSOR_DEFINITIONS = (
					"DEBUG=1",
					"$(inherited)",
				);
				INFOPLIST_FILE = "WorldpayTests/WorldpayTests-Info.plist";
				OTHER_LDFLAGS = (
					"$(inherited)",
					"-framework",
					AFNetworking,
					"-all_load",
				);
				PRODUCT_BUNDLE_IDENTIFIER = "com.arxnet.${PRODUCT_NAME:rfc1034identifier}";
				PRODUCT_NAME = "$(TARGET_NAME)";
				WRAPPER_EXTENSION = xctest;
			};
			name = Debug;
		};
		7EF7109D1976B8B800F7DC51 /* Release */ = {
			isa = XCBuildConfiguration;
			buildSettings = {
				FRAMEWORK_SEARCH_PATHS = "$(BUILT_PRODUCTS_DIR)/AFNetworking";
				GCC_PRECOMPILE_PREFIX_HEADER = YES;
				GCC_PREFIX_HEADER = "Worldpay/Worldpay-Prefix.pch";
				INFOPLIST_FILE = "WorldpayTests/WorldpayTests-Info.plist";
				OTHER_LDFLAGS = (
					"$(inherited)",
					"-framework",
					AFNetworking,
					"-all_load",
				);
				PRODUCT_BUNDLE_IDENTIFIER = "com.arxnet.${PRODUCT_NAME:rfc1034identifier}";
				PRODUCT_NAME = "$(TARGET_NAME)";
				WRAPPER_EXTENSION = xctest;
			};
			name = Release;
		};
		7EF710AF1976BA4600F7DC51 /* Debug */ = {
			isa = XCBuildConfiguration;
			buildSettings = {
				PRODUCT_NAME = "$(TARGET_NAME)";
			};
			name = Debug;
		};
		7EF710B01976BA4600F7DC51 /* Release */ = {
			isa = XCBuildConfiguration;
			buildSettings = {
				PRODUCT_NAME = "$(TARGET_NAME)";
			};
			name = Release;
		};
/* End XCBuildConfiguration section */

/* Begin XCConfigurationList section */
		597077B71993999A002651A7 /* Build configuration list for PBXNativeTarget "WorldpayResources" */ = {
			isa = XCConfigurationList;
			buildConfigurations = (
				597077B51993999A002651A7 /* Debug */,
				597077B61993999A002651A7 /* Release */,
			);
			defaultConfigurationIsVisible = 0;
			defaultConfigurationName = Release;
		};
		7EF710701976B8B800F7DC51 /* Build configuration list for PBXProject "Worldpay" */ = {
			isa = XCConfigurationList;
			buildConfigurations = (
				7EF710961976B8B800F7DC51 /* Debug */,
				7EF710971976B8B800F7DC51 /* Release */,
			);
			defaultConfigurationIsVisible = 0;
			defaultConfigurationName = Release;
		};
		7EF710981976B8B800F7DC51 /* Build configuration list for PBXNativeTarget "Worldpay" */ = {
			isa = XCConfigurationList;
			buildConfigurations = (
				7EF710991976B8B800F7DC51 /* Debug */,
				7EF7109A1976B8B800F7DC51 /* Release */,
			);
			defaultConfigurationIsVisible = 0;
			defaultConfigurationName = Release;
		};
		7EF7109B1976B8B800F7DC51 /* Build configuration list for PBXNativeTarget "WorldpayTests" */ = {
			isa = XCConfigurationList;
			buildConfigurations = (
				7EF7109C1976B8B800F7DC51 /* Debug */,
				7EF7109D1976B8B800F7DC51 /* Release */,
			);
			defaultConfigurationIsVisible = 0;
			defaultConfigurationName = Release;
		};
		7EF710AE1976BA4600F7DC51 /* Build configuration list for PBXAggregateTarget "UniversalLib" */ = {
			isa = XCConfigurationList;
			buildConfigurations = (
				7EF710AF1976BA4600F7DC51 /* Debug */,
				7EF710B01976BA4600F7DC51 /* Release */,
			);
			defaultConfigurationIsVisible = 0;
			defaultConfigurationName = Release;
		};
/* End XCConfigurationList section */
	};
	rootObject = 7EF7106D1976B8B800F7DC51 /* Project object */;
}
